{
  "object": {
    "pins": [
      {
        "package": "InteropForGoogle",
        "repositoryURL": "https://github.com/google/interop-ios-for-google-sdks.git",
        "state": {
          "branch": null,
          "revision": "2d12673670417654f08f5f90fdd62926dc3a2648",
          "version": "100.0.0"
        }
      },
      {
        "package": "PhoneNumberKit",
        "repositoryURL": "https://github.com/marmelroy/PhoneNumberKit",
        "state": {
          "branch": null,
          "revision": "c107075aa8d394be7aced273a46e944afe8b321b",
          "version": "3.8.0"
        }
      },
      {
        "package": "RecaptchaEnterprise",
        "repositoryURL": "https://github.com/GoogleCloudPlatform/recaptcha-enterprise-mobile-sdk",
        "state": {
          "branch": null,
          "revision": "30e4e28f2f87236372225c453140774f038302ad",
          "version": "18.4.0"
        }
      },
      {
        "package": "swift-asn1",
        "repositoryURL": "https://github.com/apple/swift-asn1.git",
        "state": {
          "branch": null,
          "revision": "ae33e5941bb88d88538d0a6b19ca0b01e6c76dcf",
          "version": "1.3.1"
        }
      },
      {
        "package": "swift-crypto",
        "repositoryURL": "https://github.com/apple/swift-crypto.git",
        "state": {
          "branch": null,
          "revision": "ff0f781cf7c6a22d52957e50b104f5768b50c779",
          "version": "3.10.0"
        }
      },
      {
        "package": "SwiftOTP",
        "repositoryURL": "https://github.com/lachlanbell/SwiftOTP.git",
        "state": {
          "branch": null,
          "revision": "9660551ea3df153c3cbacfa34ac3abbec73a8b84",
          "version": "3.0.2"
        }
      },
      {
        "package": "SwiftyJSON",
        "repositoryURL": "https://github.com/SwiftyJSON/SwiftyJSON.git",
        "state": {
          "branch": null,
          "revision": "af76cf3ef710b6ca5f8c05f3a31307d44a3c5828",
          "version": "5.0.2"
        }
      }
    ]
  },
  "version": 1
}
