{
  "object": {
    "pins": [
      {
        "package": "InteropForGoogle",
        "repositoryURL": "https://github.com/google/interop-ios-for-google-sdks.git",
        "state": {
          "branch": null,
          "revision": "2d12673670417654f08f5f90fdd62926dc3a2648",
          "version": "100.0.0"
        }
      },
      {
        "package": "PhoneNumberKit",
        "repositoryURL": "https://github.com/marmelroy/PhoneNumberKit",
        "state": {
          "branch": null,
          "revision": "6edd6e38a30aec087cb97f7377edf876c29a427e",
          "version": "3.5.9"
        }
      },
      {
        "package": "RecaptchaEnterprise",
        "repositoryURL": "https://github.com/GoogleCloudPlatform/recaptcha-enterprise-mobile-sdk",
        "state": {
          "branch": null,
          "revision": "30e4e28f2f87236372225c453140774f038302ad",
          "version": "18.4.0"
        }
      },
      {
        "package": "swift-crypto",
        "repositoryURL": "https://github.com/apple/swift-crypto.git",
        "state": {
          "branch": null,
          "revision": "46072478ca365fe48370993833cb22de9b41567f",
          "version": "3.5.2"
        }
      },
      {
        "package": "SwiftOTP",
        "repositoryURL": "https://github.com/lachlanbell/SwiftOTP.git",
        "state": {
          "branch": null,
          "revision": "9660551ea3df153c3cbacfa34ac3abbec73a8b84",
          "version": "3.0.2"
        }
      }
    ]
  },
  "version": 1
}
