{
  "object": {
    "pins": [
      {
        "package": "InteropForGoogle",
        "repositoryURL": "https://github.com/google/interop-ios-for-google-sdks.git",
        "state": {
          "branch": null,
          "revision": "040d087ac2267d2ddd4cca36c757d1c6a05fdbfe",
          "version": "101.0.0"
        }
      },
      {
        "package": "PhoneNumberKit",
        "repositoryURL": "https://github.com/marmelroy/PhoneNumberKit",
        "state": {
          "branch": null,
          "revision": "8cba2258060e356d5fc4836d4ff8549faa2409dd",
          "version": "4.1.4"
        }
      },
      {
        "package": "RecaptchaEnterprise",
        "repositoryURL": "https://github.com/GoogleCloudPlatform/recaptcha-enterprise-mobile-sdk",
        "state": {
          "branch": null,
          "revision": "c6ce6a5790f0e0b70e66025ec1aa3c4aced13cc6",
          "version": "18.8.1"
        }
      },
      {
        "package": "StytchDFP",
        "repositoryURL": "https://github.com/stytchauth/stytch-ios-dfp.git",
        "state": {
          "branch": null,
          "revision": "1d597b8613986b61509508f3bee800cd5d1778f4",
          "version": "1.0.4"
        }
      },
      {
        "package": "swift-asn1",
        "repositoryURL": "https://github.com/apple/swift-asn1.git",
        "state": {
          "branch": null,
          "revision": "ae33e5941bb88d88538d0a6b19ca0b01e6c76dcf",
          "version": "1.3.1"
        }
      },
      {
        "package": "swift-crypto",
        "repositoryURL": "https://github.com/apple/swift-crypto.git",
        "state": {
          "branch": null,
          "revision": "a6ce32a18b81b04ce7e897d1d98df6eb2da04786",
          "version": "3.12.2"
        }
      },
      {
        "package": "SwiftOTP",
        "repositoryURL": "https://github.com/lachlanbell/SwiftOTP.git",
        "state": {
          "branch": null,
          "revision": "9660551ea3df153c3cbacfa34ac3abbec73a8b84",
          "version": "3.0.2"
        }
      },
      {
        "package": "SwiftyJSON",
        "repositoryURL": "https://github.com/SwiftyJSON/SwiftyJSON.git",
        "state": {
          "branch": null,
          "revision": "af76cf3ef710b6ca5f8c05f3a31307d44a3c5828",
          "version": "5.0.2"
        }
      }
    ]
  },
  "version": 1
}
