{
  "object": {
    "pins": [
      {
        "package": "InteropForGoogle",
        "repositoryURL": "https://github.com/google/interop-ios-for-google-sdks.git",
        "state": {
          "branch": null,
          "revision": "2d12673670417654f08f5f90fdd62926dc3a2648",
          "version": "100.0.0"
        }
      },
      {
        "package": "jwt-kit",
        "repositoryURL": "https://github.com/vapor/jwt-kit.git",
        "state": {
          "branch": null,
          "revision": "87ce13a1df913ba4d51cf00606df7ef24d455571",
          "version": "4.7.0"
        }
      },
      {
        "package": "PhoneNumberKit",
        "repositoryURL": "https://github.com/marmelroy/PhoneNumberKit",
        "state": {
          "branch": null,
          "revision": "0fd43eb71d215afd0f9453d8e94200c9d6faf28a",
          "version": "3.5.10"
        }
      },
      {
        "package": "RecaptchaEnterprise",
        "repositoryURL": "https://github.com/GoogleCloudPlatform/recaptcha-enterprise-mobile-sdk",
        "state": {
          "branch": null,
          "revision": "5419bb00a3bc81d727423790692f2c538040d00c",
          "version": "18.3.0"
        }
      },
      {
        "package": "swift-crypto",
        "repositoryURL": "https://github.com/apple/swift-crypto.git",
        "state": {
          "branch": null,
          "revision": "92a04c10fc5ce0504f8396aac7392126033e547c",
          "version": "2.2.2"
        }
      },
      {
        "package": "Swifter",
        "repositoryURL": "https://github.com/namolnad/swifter.git",
        "state": {
          "branch": "update-to-async",
          "revision": "a51ae97214d6d24e18aa9e824eea5f1f4021d171",
          "version": null
        }
      }
    ]
  },
  "version": 1
}
