{
  "object": {
    "pins": [
      {
        "package": "InteropForGoogle",
        "repositoryURL": "https://github.com/google/interop-ios-for-google-sdks.git",
        "state": {
          "branch": null,
          "revision": "2d12673670417654f08f5f90fdd62926dc3a2648",
          "version": "100.0.0"
        }
      },
      {
        "package": "jwt-kit",
        "repositoryURL": "https://github.com/vapor/jwt-kit.git",
        "state": {
          "branch": null,
          "revision": "c2595b9ad7f512d7f334830b4df1fed6e917946a",
          "version": "4.13.4"
        }
      },
      {
        "package": "PhoneNumberKit",
        "repositoryURL": "https://github.com/marmelroy/PhoneNumberKit",
        "state": {
          "branch": null,
          "revision": "6edd6e38a30aec087cb97f7377edf876c29a427e",
          "version": "3.5.9"
        }
      },
      {
        "package": "RecaptchaEnterprise",
        "repositoryURL": "https://github.com/GoogleCloudPlatform/recaptcha-enterprise-mobile-sdk",
        "state": {
          "branch": null,
          "revision": "30e4e28f2f87236372225c453140774f038302ad",
          "version": "18.4.0"
        }
      },
      {
        "package": "swift-crypto",
        "repositoryURL": "https://github.com/apple/swift-crypto.git",
        "state": {
          "branch": null,
          "revision": "46072478ca365fe48370993833cb22de9b41567f",
          "version": "3.5.2"
        }
      },
      {
        "package": "Swifter",
        "repositoryURL": "https://github.com/namolnad/swifter.git",
        "state": {
          "branch": "update-to-async",
          "revision": "a51ae97214d6d24e18aa9e824eea5f1f4021d171",
          "version": null
        }
      }
    ]
  },
  "version": 1
}
