// !$*UTF8*$!
{
	archiveVersion = 1;
	classes = {
	};
	objectVersion = 55;
	objects = {

/* Begin PBXBuildFile section */
		2222D14128306426008CEBD7 /* OTPAuthenticationView.swift in Sources */ = {isa = PBXBuildFile; fileRef = 2222D14028306426008CEBD7 /* OTPAuthenticationView.swift */; };
		2231531B299EE16D00BA9126 /* AppDelegate.swift in Sources */ = {isa = PBXBuildFile; fileRef = 2231531A299EE16D00BA9126 /* AppDelegate.swift */; };
		2231531D299EE16D00BA9126 /* SceneDelegate.swift in Sources */ = {isa = PBXBuildFile; fileRef = 2231531C299EE16D00BA9126 /* SceneDelegate.swift */; };
		2231531F299EE16D00BA9126 /* RootViewController.swift in Sources */ = {isa = PBXBuildFile; fileRef = 2231531E299EE16D00BA9126 /* RootViewController.swift */; };
		22315322299EE16D00BA9126 /* Main.storyboard in Resources */ = {isa = PBXBuildFile; fileRef = 22315320299EE16D00BA9126 /* Main.storyboard */; };
		22315324299EE16E00BA9126 /* Assets.xcassets in Resources */ = {isa = PBXBuildFile; fileRef = 22315323299EE16E00BA9126 /* Assets.xcassets */; };
		22315327299EE16E00BA9126 /* LaunchScreen.storyboard in Resources */ = {isa = PBXBuildFile; fileRef = 22315325299EE16E00BA9126 /* LaunchScreen.storyboard */; };
		2231532D299EE5E700BA9126 /* StytchCore in Frameworks */ = {isa = PBXBuildFile; productRef = 2231532C299EE5E700BA9126 /* StytchCore */; };
		223F88B6289249C700CE2B0C /* PasswordAuthenticationView.swift in Sources */ = {isa = PBXBuildFile; fileRef = 223F88B5289249C700CE2B0C /* PasswordAuthenticationView.swift */; };
		223F88B92894D05000CE2B0C /* ResetPasswordView.swift in Sources */ = {isa = PBXBuildFile; fileRef = 223F88B82894D05000CE2B0C /* ResetPasswordView.swift */; };
		223F88BD2894D09400CE2B0C /* PasswordFeedbackView.swift in Sources */ = {isa = PBXBuildFile; fileRef = 223F88BC2894D09400CE2B0C /* PasswordFeedbackView.swift */; };
		223F88C02894D0D500CE2B0C /* PasswordView.swift in Sources */ = {isa = PBXBuildFile; fileRef = 223F88BF2894D0D500CE2B0C /* PasswordView.swift */; };
		223F88C32894D0F500CE2B0C /* PasswordModel.swift in Sources */ = {isa = PBXBuildFile; fileRef = 223F88C22894D0F500CE2B0C /* PasswordModel.swift */; };
		224E6F2529E8CAEB0031D37A /* PasswordsViewController.swift in Sources */ = {isa = PBXBuildFile; fileRef = 224E6F2429E8CAEB0031D37A /* PasswordsViewController.swift */; };
		224F7D3D280CC5DE000230FA /* Assets.xcassets in Resources */ = {isa = PBXBuildFile; fileRef = 224F7D3B280CC5DE000230FA /* Assets.xcassets */; };
		224F7D3F280CC5DE000230FA /* ContentView.swift in Sources */ = {isa = PBXBuildFile; fileRef = 224F7D3C280CC5DE000230FA /* ContentView.swift */; };
		224F7D41280CC5F6000230FA /* StytchDemoApp.swift in Sources */ = {isa = PBXBuildFile; fileRef = 224F7D35280CC566000230FA /* StytchDemoApp.swift */; };
		224F7D4A280CEDD0000230FA /* EmailAuthenticationView.swift in Sources */ = {isa = PBXBuildFile; fileRef = 224F7D49280CEDD0000230FA /* EmailAuthenticationView.swift */; };
		224F7D4D280CEDF5000230FA /* SessionView.swift in Sources */ = {isa = PBXBuildFile; fileRef = 224F7D4C280CEDF5000230FA /* SessionView.swift */; };
		2254779229A05C3E003DF229 /* AuthHomeViewController.swift in Sources */ = {isa = PBXBuildFile; fileRef = 2254779129A05C3E003DF229 /* AuthHomeViewController.swift */; };
		2254779429A05C6A003DF229 /* MagicLinksViewController.swift in Sources */ = {isa = PBXBuildFile; fileRef = 2254779329A05C6A003DF229 /* MagicLinksViewController.swift */; };
		2254779629A05C93003DF229 /* Constants.swift in Sources */ = {isa = PBXBuildFile; fileRef = 2254779529A05C93003DF229 /* Constants.swift */; };
		2254779829A05D08003DF229 /* MemberViewController.swift in Sources */ = {isa = PBXBuildFile; fileRef = 2254779729A05D08003DF229 /* MemberViewController.swift */; };
		2254779A29A05D37003DF229 /* OrganizationViewController.swift in Sources */ = {isa = PBXBuildFile; fileRef = 2254779929A05D37003DF229 /* OrganizationViewController.swift */; };
		2254779C29A05D4E003DF229 /* SessionsViewController.swift in Sources */ = {isa = PBXBuildFile; fileRef = 2254779B29A05D4E003DF229 /* SessionsViewController.swift */; };
		226375C6280CBAE0000CDD49 /* StytchCore in Frameworks */ = {isa = PBXBuildFile; productRef = 226375C5280CBAE0000CDD49 /* StytchCore */; };
		2266CF2728FA0B32005EFFC6 /* PasskeysAuthenticationView.swift in Sources */ = {isa = PBXBuildFile; fileRef = 2266CF2628FA0B32005EFFC6 /* PasskeysAuthenticationView.swift */; };
		22909079284D9F4600ADD3C4 /* Extensions.swift in Sources */ = {isa = PBXBuildFile; fileRef = 22909078284D9F4600ADD3C4 /* Extensions.swift */; };
		2290907C284D9F7000ADD3C4 /* AuthenticationOptionsView.swift in Sources */ = {isa = PBXBuildFile; fileRef = 2290907B284D9F7000ADD3C4 /* AuthenticationOptionsView.swift */; };
		22909095284DD5EE00ADD3C4 /* HobbiesView.swift in Sources */ = {isa = PBXBuildFile; fileRef = 22909094284DD5EE00ADD3C4 /* HobbiesView.swift */; };
		22ABFAB929F7628E00927518 /* DiscoveryViewController.swift in Sources */ = {isa = PBXBuildFile; fileRef = 22ABFAB829F7628E00927518 /* DiscoveryViewController.swift */; };
		22ABFABB29F7690100927518 /* SSOViewController.swift in Sources */ = {isa = PBXBuildFile; fileRef = 22ABFABA29F7690100927518 /* SSOViewController.swift */; };
		22B523B4296CDF09009FFC18 /* TOTPAuthenticationView.swift in Sources */ = {isa = PBXBuildFile; fileRef = 22B523B3296CDF09009FFC18 /* TOTPAuthenticationView.swift */; };
		22B978052A1C4EE6000A35BC /* StytchUI in Frameworks */ = {isa = PBXBuildFile; productRef = 22B978042A1C4EE6000A35BC /* StytchUI */; };
		22E2E06128ECF6AD00327719 /* OAuthAuthenticationView.swift in Sources */ = {isa = PBXBuildFile; fileRef = 22E2E06028ECF6AD00327719 /* OAuthAuthenticationView.swift */; };
		5354B5A02B507F1500B3081C /* StytchUI in Frameworks */ = {isa = PBXBuildFile; productRef = 5354B59F2B507F1500B3081C /* StytchUI */; };
		5354B5A22B572D3900B3081C /* MagicLinkTests.swift in Sources */ = {isa = PBXBuildFile; fileRef = 5354B5A12B572D3900B3081C /* MagicLinkTests.swift */; };
		5354B5A62B58801400B3081C /* PasswordTests.swift in Sources */ = {isa = PBXBuildFile; fileRef = 5354B5A52B58801400B3081C /* PasswordTests.swift */; };
		5354B5A82B597BFB00B3081C /* Util.swift in Sources */ = {isa = PBXBuildFile; fileRef = 5354B5A72B597BFB00B3081C /* Util.swift */; };
		5354B5AC2B59961E00B3081C /* MagicLinkPasswordTests.swift in Sources */ = {isa = PBXBuildFile; fileRef = 5354B5AB2B59961E00B3081C /* MagicLinkPasswordTests.swift */; };
		53E128252B50092E00976CAC /* StytchUIDemoApp.swift in Sources */ = {isa = PBXBuildFile; fileRef = 53E128242B50092E00976CAC /* StytchUIDemoApp.swift */; };
		53E128272B50092E00976CAC /* ContentView.swift in Sources */ = {isa = PBXBuildFile; fileRef = 53E128262B50092E00976CAC /* ContentView.swift */; };
		53E128292B50092F00976CAC /* Assets.xcassets in Resources */ = {isa = PBXBuildFile; fileRef = 53E128282B50092F00976CAC /* Assets.xcassets */; };
		53E128402B50092F00976CAC /* StytchUITests.swift in Sources */ = {isa = PBXBuildFile; fileRef = 53E1283F2B50092F00976CAC /* StytchUITests.swift */; };
		53E128422B50092F00976CAC /* StytchUILaunchTests.swift in Sources */ = {isa = PBXBuildFile; fileRef = 53E128412B50092F00976CAC /* StytchUILaunchTests.swift */; };
		740F14802D2C34090028180F /* CommonExtensions.swift in Sources */ = {isa = PBXBuildFile; fileRef = 7478F7DA2BF6467900BCB233 /* CommonExtensions.swift */; };
		740F14822D2C35AD0028180F /* Extensions.swift in Sources */ = {isa = PBXBuildFile; fileRef = 740F14812D2C35AC0028180F /* Extensions.swift */; };
		741827142CF0FF1E00A475CB /* Preview Assets.xcassets in Resources */ = {isa = PBXBuildFile; fileRef = 7418270E2CF0FF1E00A475CB /* Preview Assets.xcassets */; };
		741827152CF0FF1E00A475CB /* Assets.xcassets in Resources */ = {isa = PBXBuildFile; fileRef = 741827102CF0FF1E00A475CB /* Assets.xcassets */; };
		741827162CF0FF1E00A475CB /* ContentView.swift in Sources */ = {isa = PBXBuildFile; fileRef = 741827112CF0FF1E00A475CB /* ContentView.swift */; };
		741827172CF0FF1E00A475CB /* StytchB2BUIDemoApp.swift in Sources */ = {isa = PBXBuildFile; fileRef = 741827122CF0FF1E00A475CB /* StytchB2BUIDemoApp.swift */; };
		74234D4C2C21E1240001DA69 /* SearchManagerViewController.swift in Sources */ = {isa = PBXBuildFile; fileRef = 74234D4B2C21E1240001DA69 /* SearchManagerViewController.swift */; };
		74234D4E2C21EAC10001DA69 /* TOTPViewController.swift in Sources */ = {isa = PBXBuildFile; fileRef = 74234D4D2C21EAC10001DA69 /* TOTPViewController.swift */; };
		74234D512C21EB770001DA69 /* SwiftOTP in Frameworks */ = {isa = PBXBuildFile; productRef = 74234D502C21EB770001DA69 /* SwiftOTP */; };
		7437F8252CF4F78E00701EF0 /* Launch Screen B2B.storyboard in Resources */ = {isa = PBXBuildFile; fileRef = 7437F8242CF4F78E00701EF0 /* Launch Screen B2B.storyboard */; };
		7447F58D2CF108E90006F181 /* StytchUI in Frameworks */ = {isa = PBXBuildFile; productRef = 7447F58C2CF108E90006F181 /* StytchUI */; };
		745BAB6A2C88C27600771497 /* ContentView.swift in Sources */ = {isa = PBXBuildFile; fileRef = 745BAB692C88C27600771497 /* ContentView.swift */; };
		745BAB6C2C88C27700771497 /* Assets.xcassets in Resources */ = {isa = PBXBuildFile; fileRef = 745BAB6B2C88C27700771497 /* Assets.xcassets */; };
		745BAB742C88C5BF00771497 /* Launch Screen.storyboard in Resources */ = {isa = PBXBuildFile; fileRef = 745BAB732C88C5BF00771497 /* Launch Screen.storyboard */; };
		745BAB792C88C96800771497 /* StytchCore in Frameworks */ = {isa = PBXBuildFile; productRef = 745BAB782C88C96800771497 /* StytchCore */; };
		745BAB7A2C88C9E200771497 /* StytchDemoApp.swift in Sources */ = {isa = PBXBuildFile; fileRef = 745BAB672C88C27600771497 /* StytchDemoApp.swift */; };
		745BAB7C2C88CFD900771497 /* OTPView.swift in Sources */ = {isa = PBXBuildFile; fileRef = 745BAB7B2C88CFD900771497 /* OTPView.swift */; };
		745BAB7E2C88D2B300771497 /* LoggedInView.swift in Sources */ = {isa = PBXBuildFile; fileRef = 745BAB7D2C88D2B300771497 /* LoggedInView.swift */; };
		745BAB802C88E09E00771497 /* OTPAuthenticationManager.swift in Sources */ = {isa = PBXBuildFile; fileRef = 745BAB7F2C88E09E00771497 /* OTPAuthenticationManager.swift */; };
		745BAB822C89FBA800771497 /* User.Name+Helpers.swift in Sources */ = {isa = PBXBuildFile; fileRef = 745BAB812C89FBA800771497 /* User.Name+Helpers.swift */; };
		7462DACB2D0236F100329553 /* StytchUI in Frameworks */ = {isa = PBXBuildFile; productRef = 7462DACA2D0236F100329553 /* StytchUI */; };
		74707A342D15C8F700CCCDC8 /* B2BUIViewController.swift in Sources */ = {isa = PBXBuildFile; fileRef = 74707A332D15C8F700CCCDC8 /* B2BUIViewController.swift */; };
		7478F7D92BF595CD00BCB233 /* Launch Screen.storyboard in Resources */ = {isa = PBXBuildFile; fileRef = 7478F7D82BF595CD00BCB233 /* Launch Screen.storyboard */; };
		7478F7DC2BF6467900BCB233 /* CommonExtensions.swift in Sources */ = {isa = PBXBuildFile; fileRef = 7478F7DA2BF6467900BCB233 /* CommonExtensions.swift */; };
		749F88862BFBD63E00D7F386 /* Launch Screen.storyboard in Resources */ = {isa = PBXBuildFile; fileRef = 749F88852BFBD63E00D7F386 /* Launch Screen.storyboard */; };
		74A2D1912C21FDF8007F8F20 /* OTPViewController.swift in Sources */ = {isa = PBXBuildFile; fileRef = 74A2D1902C21FDF8007F8F20 /* OTPViewController.swift */; };
		74BCCBD72D2C2A97001A1C0A /* AppDelegate.swift in Sources */ = {isa = PBXBuildFile; fileRef = 74BCCBCD2D2C2A97001A1C0A /* AppDelegate.swift */; };
		74BCCBD82D2C2A97001A1C0A /* SceneDelegate.swift in Sources */ = {isa = PBXBuildFile; fileRef = 74BCCBD42D2C2A97001A1C0A /* SceneDelegate.swift */; };
		74BCCBD92D2C2A97001A1C0A /* ViewController.swift in Sources */ = {isa = PBXBuildFile; fileRef = 74BCCBD52D2C2A97001A1C0A /* ViewController.swift */; };
		74BCCBDA2D2C2A97001A1C0A /* Assets.xcassets in Resources */ = {isa = PBXBuildFile; fileRef = 74BCCBCE2D2C2A97001A1C0A /* Assets.xcassets */; };
		74BCCBDC2D2C2A97001A1C0A /* StytchBiometricsLaunchScreen.storyboard in Resources */ = {isa = PBXBuildFile; fileRef = 74BCCBD12D2C2A97001A1C0A /* StytchBiometricsLaunchScreen.storyboard */; };
		74BCCBDD2D2C2A97001A1C0A /* Main.storyboard in Resources */ = {isa = PBXBuildFile; fileRef = 74BCCBD32D2C2A97001A1C0A /* Main.storyboard */; };
		74BCCBDF2D2C2DE7001A1C0A /* StytchCore in Frameworks */ = {isa = PBXBuildFile; productRef = 74BCCBDE2D2C2DE7001A1C0A /* StytchCore */; };
		74C427992C9A25E700EFA1A1 /* SCIMViewController.swift in Sources */ = {isa = PBXBuildFile; fileRef = 74C427982C9A25E700EFA1A1 /* SCIMViewController.swift */; };
		74DD38CB2C2A2ABA00BEB0DD /* OAuthViewController.swift in Sources */ = {isa = PBXBuildFile; fileRef = 74DD38CA2C2A2ABA00BEB0DD /* OAuthViewController.swift */; };
		74F0088D2C24C05100E0F863 /* RecoveryCodesViewController.swift in Sources */ = {isa = PBXBuildFile; fileRef = 74F0088C2C24C05000E0F863 /* RecoveryCodesViewController.swift */; };
		74F3702A2C07B7F400AED9C9 /* OrganizationMemberViewController.swift in Sources */ = {isa = PBXBuildFile; fileRef = 74F370292C07B7F400AED9C9 /* OrganizationMemberViewController.swift */; };
/* End PBXBuildFile section */

/* Begin PBXContainerItemProxy section */
		53E1283C2B50092F00976CAC /* PBXContainerItemProxy */ = {
			isa = PBXContainerItemProxy;
			containerPortal = 229B820C2809EA3E007BC3F1 /* Project object */;
			proxyType = 1;
			remoteGlobalIDString = 53E128212B50092E00976CAC;
			remoteInfo = StytchUIDemo;
		};
/* End PBXContainerItemProxy section */

/* Begin PBXFileReference section */
		2222D14028306426008CEBD7 /* OTPAuthenticationView.swift */ = {isa = PBXFileReference; lastKnownFileType = sourcecode.swift; path = OTPAuthenticationView.swift; sourceTree = "<group>"; };
		22315318299EE16D00BA9126 /* B2BWorkbench.app */ = {isa = PBXFileReference; explicitFileType = wrapper.application; includeInIndex = 0; path = B2BWorkbench.app; sourceTree = BUILT_PRODUCTS_DIR; };
		2231531A299EE16D00BA9126 /* AppDelegate.swift */ = {isa = PBXFileReference; lastKnownFileType = sourcecode.swift; path = AppDelegate.swift; sourceTree = "<group>"; };
		2231531C299EE16D00BA9126 /* SceneDelegate.swift */ = {isa = PBXFileReference; lastKnownFileType = sourcecode.swift; path = SceneDelegate.swift; sourceTree = "<group>"; };
		2231531E299EE16D00BA9126 /* RootViewController.swift */ = {isa = PBXFileReference; lastKnownFileType = sourcecode.swift; path = RootViewController.swift; sourceTree = "<group>"; };
		22315321299EE16D00BA9126 /* Base */ = {isa = PBXFileReference; lastKnownFileType = file.storyboard; name = Base; path = Base.lproj/Main.storyboard; sourceTree = "<group>"; };
		22315323299EE16E00BA9126 /* Assets.xcassets */ = {isa = PBXFileReference; lastKnownFileType = folder.assetcatalog; path = Assets.xcassets; sourceTree = "<group>"; };
		22315326299EE16E00BA9126 /* Base */ = {isa = PBXFileReference; lastKnownFileType = file.storyboard; name = Base; path = Base.lproj/LaunchScreen.storyboard; sourceTree = "<group>"; };
		22315328299EE16E00BA9126 /* Info.plist */ = {isa = PBXFileReference; lastKnownFileType = text.plist.xml; path = Info.plist; sourceTree = "<group>"; };
		223F88B5289249C700CE2B0C /* PasswordAuthenticationView.swift */ = {isa = PBXFileReference; lastKnownFileType = sourcecode.swift; path = PasswordAuthenticationView.swift; sourceTree = "<group>"; };
		223F88B82894D05000CE2B0C /* ResetPasswordView.swift */ = {isa = PBXFileReference; lastKnownFileType = sourcecode.swift; path = ResetPasswordView.swift; sourceTree = "<group>"; };
		223F88BC2894D09400CE2B0C /* PasswordFeedbackView.swift */ = {isa = PBXFileReference; lastKnownFileType = sourcecode.swift; path = PasswordFeedbackView.swift; sourceTree = "<group>"; };
		223F88BF2894D0D500CE2B0C /* PasswordView.swift */ = {isa = PBXFileReference; lastKnownFileType = sourcecode.swift; path = PasswordView.swift; sourceTree = "<group>"; };
		223F88C22894D0F500CE2B0C /* PasswordModel.swift */ = {isa = PBXFileReference; lastKnownFileType = sourcecode.swift; path = PasswordModel.swift; sourceTree = "<group>"; };
		224E6F2429E8CAEB0031D37A /* PasswordsViewController.swift */ = {isa = PBXFileReference; lastKnownFileType = sourcecode.swift; path = PasswordsViewController.swift; sourceTree = "<group>"; };
		224F7D35280CC566000230FA /* StytchDemoApp.swift */ = {isa = PBXFileReference; lastKnownFileType = sourcecode.swift; path = StytchDemoApp.swift; sourceTree = "<group>"; };
		224F7D3B280CC5DE000230FA /* Assets.xcassets */ = {isa = PBXFileReference; lastKnownFileType = folder.assetcatalog; path = Assets.xcassets; sourceTree = "<group>"; };
		224F7D3C280CC5DE000230FA /* ContentView.swift */ = {isa = PBXFileReference; fileEncoding = 4; lastKnownFileType = sourcecode.swift; path = ContentView.swift; sourceTree = "<group>"; };
		224F7D49280CEDD0000230FA /* EmailAuthenticationView.swift */ = {isa = PBXFileReference; lastKnownFileType = sourcecode.swift; path = EmailAuthenticationView.swift; sourceTree = "<group>"; };
		224F7D4C280CEDF5000230FA /* SessionView.swift */ = {isa = PBXFileReference; lastKnownFileType = sourcecode.swift; path = SessionView.swift; sourceTree = "<group>"; };
		224F7D4F280CF491000230FA /* iOS.entitlements */ = {isa = PBXFileReference; lastKnownFileType = text.plist.entitlements; path = iOS.entitlements; sourceTree = "<group>"; };
		224F7D50280CF500000230FA /* Info.plist */ = {isa = PBXFileReference; lastKnownFileType = text.plist.xml; path = Info.plist; sourceTree = "<group>"; };
		2254779129A05C3E003DF229 /* AuthHomeViewController.swift */ = {isa = PBXFileReference; lastKnownFileType = sourcecode.swift; path = AuthHomeViewController.swift; sourceTree = "<group>"; };
		2254779329A05C6A003DF229 /* MagicLinksViewController.swift */ = {isa = PBXFileReference; lastKnownFileType = sourcecode.swift; path = MagicLinksViewController.swift; sourceTree = "<group>"; };
		2254779529A05C93003DF229 /* Constants.swift */ = {isa = PBXFileReference; lastKnownFileType = sourcecode.swift; path = Constants.swift; sourceTree = "<group>"; };
		2254779729A05D08003DF229 /* MemberViewController.swift */ = {isa = PBXFileReference; lastKnownFileType = sourcecode.swift; path = MemberViewController.swift; sourceTree = "<group>"; };
		2254779929A05D37003DF229 /* OrganizationViewController.swift */ = {isa = PBXFileReference; lastKnownFileType = sourcecode.swift; path = OrganizationViewController.swift; sourceTree = "<group>"; };
		2254779B29A05D4E003DF229 /* SessionsViewController.swift */ = {isa = PBXFileReference; lastKnownFileType = sourcecode.swift; path = SessionsViewController.swift; sourceTree = "<group>"; };
		2266CF2628FA0B32005EFFC6 /* PasskeysAuthenticationView.swift */ = {isa = PBXFileReference; lastKnownFileType = sourcecode.swift; path = PasskeysAuthenticationView.swift; sourceTree = "<group>"; };
		22909078284D9F4600ADD3C4 /* Extensions.swift */ = {isa = PBXFileReference; lastKnownFileType = sourcecode.swift; path = Extensions.swift; sourceTree = "<group>"; };
		2290907B284D9F7000ADD3C4 /* AuthenticationOptionsView.swift */ = {isa = PBXFileReference; lastKnownFileType = sourcecode.swift; path = AuthenticationOptionsView.swift; sourceTree = "<group>"; };
		22909094284DD5EE00ADD3C4 /* HobbiesView.swift */ = {isa = PBXFileReference; lastKnownFileType = sourcecode.swift; path = HobbiesView.swift; sourceTree = "<group>"; };
		229B82182809EA3F007BC3F1 /* Stytch.app */ = {isa = PBXFileReference; explicitFileType = wrapper.application; includeInIndex = 0; path = Stytch.app; sourceTree = BUILT_PRODUCTS_DIR; };
		22ABFAB829F7628E00927518 /* DiscoveryViewController.swift */ = {isa = PBXFileReference; lastKnownFileType = sourcecode.swift; path = DiscoveryViewController.swift; sourceTree = "<group>"; };
		22ABFABA29F7690100927518 /* SSOViewController.swift */ = {isa = PBXFileReference; lastKnownFileType = sourcecode.swift; path = SSOViewController.swift; sourceTree = "<group>"; };
		22B523B3296CDF09009FFC18 /* TOTPAuthenticationView.swift */ = {isa = PBXFileReference; lastKnownFileType = sourcecode.swift; path = TOTPAuthenticationView.swift; sourceTree = "<group>"; };
		22E2E06028ECF6AD00327719 /* OAuthAuthenticationView.swift */ = {isa = PBXFileReference; lastKnownFileType = sourcecode.swift; path = OAuthAuthenticationView.swift; sourceTree = "<group>"; };
		22E4346D280A174100FB45F0 /* Stytch */ = {isa = PBXFileReference; lastKnownFileType = wrapper; name = Stytch; path = ..; sourceTree = "<group>"; };
		5354B5A12B572D3900B3081C /* MagicLinkTests.swift */ = {isa = PBXFileReference; lastKnownFileType = sourcecode.swift; path = MagicLinkTests.swift; sourceTree = "<group>"; };
		5354B5A52B58801400B3081C /* PasswordTests.swift */ = {isa = PBXFileReference; lastKnownFileType = sourcecode.swift; path = PasswordTests.swift; sourceTree = "<group>"; };
		5354B5A72B597BFB00B3081C /* Util.swift */ = {isa = PBXFileReference; lastKnownFileType = sourcecode.swift; path = Util.swift; sourceTree = "<group>"; };
		5354B5AB2B59961E00B3081C /* MagicLinkPasswordTests.swift */ = {isa = PBXFileReference; lastKnownFileType = sourcecode.swift; path = MagicLinkPasswordTests.swift; sourceTree = "<group>"; };
		53E128222B50092E00976CAC /* StytchUIDemo.app */ = {isa = PBXFileReference; explicitFileType = wrapper.application; includeInIndex = 0; path = StytchUIDemo.app; sourceTree = BUILT_PRODUCTS_DIR; };
		53E128242B50092E00976CAC /* StytchUIDemoApp.swift */ = {isa = PBXFileReference; lastKnownFileType = sourcecode.swift; path = StytchUIDemoApp.swift; sourceTree = "<group>"; };
		53E128262B50092E00976CAC /* ContentView.swift */ = {isa = PBXFileReference; lastKnownFileType = sourcecode.swift; path = ContentView.swift; sourceTree = "<group>"; };
		53E128282B50092F00976CAC /* Assets.xcassets */ = {isa = PBXFileReference; lastKnownFileType = folder.assetcatalog; path = Assets.xcassets; sourceTree = "<group>"; };
		53E1283B2B50092F00976CAC /* StytchUITests.xctest */ = {isa = PBXFileReference; explicitFileType = wrapper.cfbundle; includeInIndex = 0; path = StytchUITests.xctest; sourceTree = BUILT_PRODUCTS_DIR; };
		53E1283F2B50092F00976CAC /* StytchUITests.swift */ = {isa = PBXFileReference; lastKnownFileType = sourcecode.swift; path = StytchUITests.swift; sourceTree = "<group>"; };
		53E128412B50092F00976CAC /* StytchUILaunchTests.swift */ = {isa = PBXFileReference; lastKnownFileType = sourcecode.swift; path = StytchUILaunchTests.swift; sourceTree = "<group>"; };
		53E1284C2B500C7400976CAC /* StytchUI.xctestplan */ = {isa = PBXFileReference; lastKnownFileType = text; path = StytchUI.xctestplan; sourceTree = "<group>"; };
		740F14812D2C35AC0028180F /* Extensions.swift */ = {isa = PBXFileReference; lastKnownFileType = sourcecode.swift; path = Extensions.swift; sourceTree = "<group>"; };
		741827002CF0D8A600A475CB /* StytchB2BUIDemo.app */ = {isa = PBXFileReference; explicitFileType = wrapper.application; includeInIndex = 0; path = StytchB2BUIDemo.app; sourceTree = BUILT_PRODUCTS_DIR; };
		7418270E2CF0FF1E00A475CB /* Preview Assets.xcassets */ = {isa = PBXFileReference; lastKnownFileType = folder.assetcatalog; path = "Preview Assets.xcassets"; sourceTree = "<group>"; };
		741827102CF0FF1E00A475CB /* Assets.xcassets */ = {isa = PBXFileReference; lastKnownFileType = folder.assetcatalog; path = Assets.xcassets; sourceTree = "<group>"; };
		741827112CF0FF1E00A475CB /* ContentView.swift */ = {isa = PBXFileReference; lastKnownFileType = sourcecode.swift; path = ContentView.swift; sourceTree = "<group>"; };
		741827122CF0FF1E00A475CB /* StytchB2BUIDemoApp.swift */ = {isa = PBXFileReference; lastKnownFileType = sourcecode.swift; path = StytchB2BUIDemoApp.swift; sourceTree = "<group>"; };
		7418271C2CF0FFBE00A475CB /* Info.plist */ = {isa = PBXFileReference; lastKnownFileType = text.plist.xml; path = Info.plist; sourceTree = "<group>"; };
		74234D4B2C21E1240001DA69 /* SearchManagerViewController.swift */ = {isa = PBXFileReference; lastKnownFileType = sourcecode.swift; path = SearchManagerViewController.swift; sourceTree = "<group>"; };
		74234D4D2C21EAC10001DA69 /* TOTPViewController.swift */ = {isa = PBXFileReference; fileEncoding = 4; lastKnownFileType = sourcecode.swift; path = TOTPViewController.swift; sourceTree = "<group>"; };
		7425CEF12C518A260068B33E /* Info.plist */ = {isa = PBXFileReference; lastKnownFileType = text.plist; path = Info.plist; sourceTree = "<group>"; };
		7437F8242CF4F78E00701EF0 /* Launch Screen B2B.storyboard */ = {isa = PBXFileReference; lastKnownFileType = file.storyboard; path = "Launch Screen B2B.storyboard"; sourceTree = "<group>"; };
		745BAB652C88C27600771497 /* StytchDemo.app */ = {isa = PBXFileReference; explicitFileType = wrapper.application; includeInIndex = 0; path = StytchDemo.app; sourceTree = BUILT_PRODUCTS_DIR; };
		745BAB672C88C27600771497 /* StytchDemoApp.swift */ = {isa = PBXFileReference; lastKnownFileType = sourcecode.swift; path = StytchDemoApp.swift; sourceTree = "<group>"; };
		745BAB692C88C27600771497 /* ContentView.swift */ = {isa = PBXFileReference; lastKnownFileType = sourcecode.swift; path = ContentView.swift; sourceTree = "<group>"; };
		745BAB6B2C88C27700771497 /* Assets.xcassets */ = {isa = PBXFileReference; lastKnownFileType = folder.assetcatalog; path = Assets.xcassets; sourceTree = "<group>"; };
		745BAB732C88C5BF00771497 /* Launch Screen.storyboard */ = {isa = PBXFileReference; lastKnownFileType = file.storyboard; path = "Launch Screen.storyboard"; sourceTree = "<group>"; };
		745BAB752C88C65F00771497 /* Info.plist */ = {isa = PBXFileReference; lastKnownFileType = text.plist.xml; path = Info.plist; sourceTree = "<group>"; };
		745BAB7B2C88CFD900771497 /* OTPView.swift */ = {isa = PBXFileReference; lastKnownFileType = sourcecode.swift; path = OTPView.swift; sourceTree = "<group>"; };
		745BAB7D2C88D2B300771497 /* LoggedInView.swift */ = {isa = PBXFileReference; lastKnownFileType = sourcecode.swift; path = LoggedInView.swift; sourceTree = "<group>"; };
		745BAB7F2C88E09E00771497 /* OTPAuthenticationManager.swift */ = {isa = PBXFileReference; lastKnownFileType = sourcecode.swift; path = OTPAuthenticationManager.swift; sourceTree = "<group>"; };
		745BAB812C89FBA800771497 /* User.Name+Helpers.swift */ = {isa = PBXFileReference; lastKnownFileType = sourcecode.swift; path = "User.Name+Helpers.swift"; sourceTree = "<group>"; };
		74707A332D15C8F700CCCDC8 /* B2BUIViewController.swift */ = {isa = PBXFileReference; lastKnownFileType = sourcecode.swift; path = B2BUIViewController.swift; sourceTree = "<group>"; };
		7478F7D82BF595CD00BCB233 /* Launch Screen.storyboard */ = {isa = PBXFileReference; lastKnownFileType = file.storyboard; path = "Launch Screen.storyboard"; sourceTree = "<group>"; };
		7478F7DA2BF6467900BCB233 /* CommonExtensions.swift */ = {isa = PBXFileReference; fileEncoding = 4; lastKnownFileType = sourcecode.swift; path = CommonExtensions.swift; sourceTree = "<group>"; };
		748FE40A2C54127D0026F2A2 /* ConsumerWorkbench-Bridging-Header.h */ = {isa = PBXFileReference; lastKnownFileType = sourcecode.c.h; path = "ConsumerWorkbench-Bridging-Header.h"; sourceTree = "<group>"; };
		749F88852BFBD63E00D7F386 /* Launch Screen.storyboard */ = {isa = PBXFileReference; lastKnownFileType = file.storyboard; path = "Launch Screen.storyboard"; sourceTree = "<group>"; };
		74A2D1902C21FDF8007F8F20 /* OTPViewController.swift */ = {isa = PBXFileReference; lastKnownFileType = sourcecode.swift; path = OTPViewController.swift; sourceTree = "<group>"; };
		74BCCBB82D2C2A8D001A1C0A /* StytchBiometrics.app */ = {isa = PBXFileReference; explicitFileType = wrapper.application; includeInIndex = 0; path = StytchBiometrics.app; sourceTree = BUILT_PRODUCTS_DIR; };
		74BCCBCD2D2C2A97001A1C0A /* AppDelegate.swift */ = {isa = PBXFileReference; lastKnownFileType = sourcecode.swift; path = AppDelegate.swift; sourceTree = "<group>"; };
		74BCCBCE2D2C2A97001A1C0A /* Assets.xcassets */ = {isa = PBXFileReference; lastKnownFileType = folder.assetcatalog; path = Assets.xcassets; sourceTree = "<group>"; };
		74BCCBCF2D2C2A97001A1C0A /* Info.plist */ = {isa = PBXFileReference; lastKnownFileType = text.plist.xml; path = Info.plist; sourceTree = "<group>"; };
		74BCCBD02D2C2A97001A1C0A /* Base */ = {isa = PBXFileReference; lastKnownFileType = file.storyboard; name = Base; path = Base.lproj/StytchBiometricsLaunchScreen.storyboard; sourceTree = "<group>"; };
		74BCCBD22D2C2A97001A1C0A /* Base */ = {isa = PBXFileReference; lastKnownFileType = file.storyboard; name = Base; path = Base.lproj/Main.storyboard; sourceTree = "<group>"; };
		74BCCBD42D2C2A97001A1C0A /* SceneDelegate.swift */ = {isa = PBXFileReference; lastKnownFileType = sourcecode.swift; path = SceneDelegate.swift; sourceTree = "<group>"; };
		74BCCBD52D2C2A97001A1C0A /* ViewController.swift */ = {isa = PBXFileReference; lastKnownFileType = sourcecode.swift; path = ViewController.swift; sourceTree = "<group>"; };
		74BF2AFB2CF4EF7200798DCE /* Navigation.swift */ = {isa = PBXFileReference; lastKnownFileType = sourcecode.swift; path = Navigation.swift; sourceTree = "<group>"; };
		74C427982C9A25E700EFA1A1 /* SCIMViewController.swift */ = {isa = PBXFileReference; lastKnownFileType = sourcecode.swift; path = SCIMViewController.swift; sourceTree = "<group>"; };
		74D1157E2BFBDFFD002EAB79 /* B2BWorkbench-Bridging-Header.h */ = {isa = PBXFileReference; lastKnownFileType = sourcecode.c.h; path = "B2BWorkbench-Bridging-Header.h"; sourceTree = "<group>"; };
		74DD38CA2C2A2ABA00BEB0DD /* OAuthViewController.swift */ = {isa = PBXFileReference; lastKnownFileType = sourcecode.swift; path = OAuthViewController.swift; sourceTree = "<group>"; };
		74F0088C2C24C05000E0F863 /* RecoveryCodesViewController.swift */ = {isa = PBXFileReference; lastKnownFileType = sourcecode.swift; path = RecoveryCodesViewController.swift; sourceTree = "<group>"; };
		74F370292C07B7F400AED9C9 /* OrganizationMemberViewController.swift */ = {isa = PBXFileReference; lastKnownFileType = sourcecode.swift; path = OrganizationMemberViewController.swift; sourceTree = "<group>"; };
		7763D5AF2B58698F00F00737 /* StytchUIDemo.entitlements */ = {isa = PBXFileReference; lastKnownFileType = text.plist.entitlements; path = StytchUIDemo.entitlements; sourceTree = "<group>"; };
/* End PBXFileReference section */

/* Begin PBXFrameworksBuildPhase section */
		22315315299EE16D00BA9126 /* Frameworks */ = {
			isa = PBXFrameworksBuildPhase;
			buildActionMask = 2147483647;
			files = (
				7462DACB2D0236F100329553 /* StytchUI in Frameworks */,
				74234D512C21EB770001DA69 /* SwiftOTP in Frameworks */,
				2231532D299EE5E700BA9126 /* StytchCore in Frameworks */,
			);
			runOnlyForDeploymentPostprocessing = 0;
		};
		229B82152809EA3F007BC3F1 /* Frameworks */ = {
			isa = PBXFrameworksBuildPhase;
			buildActionMask = 2147483647;
			files = (
				226375C6280CBAE0000CDD49 /* StytchCore in Frameworks */,
				22B978052A1C4EE6000A35BC /* StytchUI in Frameworks */,
			);
			runOnlyForDeploymentPostprocessing = 0;
		};
		53E1281F2B50092E00976CAC /* Frameworks */ = {
			isa = PBXFrameworksBuildPhase;
			buildActionMask = 2147483647;
			files = (
				5354B5A02B507F1500B3081C /* StytchUI in Frameworks */,
			);
			runOnlyForDeploymentPostprocessing = 0;
		};
		53E128382B50092F00976CAC /* Frameworks */ = {
			isa = PBXFrameworksBuildPhase;
			buildActionMask = 2147483647;
			files = (
			);
			runOnlyForDeploymentPostprocessing = 0;
		};
		741826FD2CF0D8A600A475CB /* Frameworks */ = {
			isa = PBXFrameworksBuildPhase;
			buildActionMask = 2147483647;
			files = (
				7447F58D2CF108E90006F181 /* StytchUI in Frameworks */,
			);
			runOnlyForDeploymentPostprocessing = 0;
		};
		745BAB622C88C27600771497 /* Frameworks */ = {
			isa = PBXFrameworksBuildPhase;
			buildActionMask = 2147483647;
			files = (
				745BAB792C88C96800771497 /* StytchCore in Frameworks */,
			);
			runOnlyForDeploymentPostprocessing = 0;
		};
		74BCCBB52D2C2A8D001A1C0A /* Frameworks */ = {
			isa = PBXFrameworksBuildPhase;
			buildActionMask = 2147483647;
			files = (
				74BCCBDF2D2C2DE7001A1C0A /* StytchCore in Frameworks */,
			);
			runOnlyForDeploymentPostprocessing = 0;
		};
/* End PBXFrameworksBuildPhase section */

/* Begin PBXGroup section */
		22315319299EE16D00BA9126 /* B2BWorkbench */ = {
			isa = PBXGroup;
			children = (
				740F14812D2C35AC0028180F /* Extensions.swift */,
				2231531A299EE16D00BA9126 /* AppDelegate.swift */,
				2231531C299EE16D00BA9126 /* SceneDelegate.swift */,
				2254779529A05C93003DF229 /* Constants.swift */,
				74F0088E2C25BB8800E0F863 /* ViewControllers */,
				22315320299EE16D00BA9126 /* Main.storyboard */,
				22315323299EE16E00BA9126 /* Assets.xcassets */,
				22315325299EE16E00BA9126 /* LaunchScreen.storyboard */,
				22315328299EE16E00BA9126 /* Info.plist */,
				74D1157E2BFBDFFD002EAB79 /* B2BWorkbench-Bridging-Header.h */,
			);
			path = B2BWorkbench;
			sourceTree = "<group>";
		};
		223F88BB2894D08500CE2B0C /* Passwords */ = {
			isa = PBXGroup;
			children = (
				223F88B5289249C700CE2B0C /* PasswordAuthenticationView.swift */,
				223F88BF2894D0D500CE2B0C /* PasswordView.swift */,
				223F88B82894D05000CE2B0C /* ResetPasswordView.swift */,
				223F88BC2894D09400CE2B0C /* PasswordFeedbackView.swift */,
				223F88C22894D0F500CE2B0C /* PasswordModel.swift */,
			);
			path = Passwords;
			sourceTree = "<group>";
		};
		224F7D3A280CC5DE000230FA /* Shared */ = {
			isa = PBXGroup;
			children = (
				224F7D50280CF500000230FA /* Info.plist */,
				224F7D35280CC566000230FA /* StytchDemoApp.swift */,
				22909078284D9F4600ADD3C4 /* Extensions.swift */,
				224F7D3C280CC5DE000230FA /* ContentView.swift */,
				2290907B284D9F7000ADD3C4 /* AuthenticationOptionsView.swift */,
				2266CF2628FA0B32005EFFC6 /* PasskeysAuthenticationView.swift */,
				22E2E06028ECF6AD00327719 /* OAuthAuthenticationView.swift */,
				22909094284DD5EE00ADD3C4 /* HobbiesView.swift */,
				224F7D49280CEDD0000230FA /* EmailAuthenticationView.swift */,
				223F88BB2894D08500CE2B0C /* Passwords */,
				2222D14028306426008CEBD7 /* OTPAuthenticationView.swift */,
				22B523B3296CDF09009FFC18 /* TOTPAuthenticationView.swift */,
				224F7D4C280CEDF5000230FA /* SessionView.swift */,
				224F7D3B280CC5DE000230FA /* Assets.xcassets */,
			);
			path = Shared;
			sourceTree = "<group>";
		};
		224F7D51280CF592000230FA /* iOS */ = {
			isa = PBXGroup;
			children = (
				224F7D4F280CF491000230FA /* iOS.entitlements */,
			);
			path = iOS;
			sourceTree = "<group>";
		};
		2254779D29A06EBB003DF229 /* AuthMethodControllers */ = {
			isa = PBXGroup;
			children = (
				22ABFAB829F7628E00927518 /* DiscoveryViewController.swift */,
				2254779329A05C6A003DF229 /* MagicLinksViewController.swift */,
				2254779729A05D08003DF229 /* MemberViewController.swift */,
				74DD38CA2C2A2ABA00BEB0DD /* OAuthViewController.swift */,
				2254779929A05D37003DF229 /* OrganizationViewController.swift */,
				74F370292C07B7F400AED9C9 /* OrganizationMemberViewController.swift */,
				74A2D1902C21FDF8007F8F20 /* OTPViewController.swift */,
				224E6F2429E8CAEB0031D37A /* PasswordsViewController.swift */,
				74F0088C2C24C05000E0F863 /* RecoveryCodesViewController.swift */,
				74C427982C9A25E700EFA1A1 /* SCIMViewController.swift */,
				22ABFABA29F7690100927518 /* SSOViewController.swift */,
				74234D4B2C21E1240001DA69 /* SearchManagerViewController.swift */,
				2254779B29A05D4E003DF229 /* SessionsViewController.swift */,
				74234D4D2C21EAC10001DA69 /* TOTPViewController.swift */,
				74707A332D15C8F700CCCDC8 /* B2BUIViewController.swift */,
			);
			path = AuthMethodControllers;
			sourceTree = "<group>";
		};
		229B820B2809EA3E007BC3F1 = {
			isa = PBXGroup;
			children = (
				748FE4092C5410670026F2A2 /* DemoApps */,
				22E4346D280A174100FB45F0 /* Stytch */,
				229B82192809EA3F007BC3F1 /* Products */,
				745BAB772C88C96800771497 /* Frameworks */,
				74BF2AFB2CF4EF7200798DCE /* Navigation.swift */,
			);
			sourceTree = "<group>";
		};
		229B82192809EA3F007BC3F1 /* Products */ = {
			isa = PBXGroup;
			children = (
				229B82182809EA3F007BC3F1 /* Stytch.app */,
				22315318299EE16D00BA9126 /* B2BWorkbench.app */,
				53E128222B50092E00976CAC /* StytchUIDemo.app */,
				53E1283B2B50092F00976CAC /* StytchUITests.xctest */,
				745BAB652C88C27600771497 /* StytchDemo.app */,
				741827002CF0D8A600A475CB /* StytchB2BUIDemo.app */,
				74BCCBB82D2C2A8D001A1C0A /* StytchBiometrics.app */,
			);
			name = Products;
			sourceTree = "<group>";
		};
		22BE99F82847FDC800E29245 /* ConsumerWorkbench */ = {
			isa = PBXGroup;
			children = (
				224F7D51280CF592000230FA /* iOS */,
				224F7D3A280CC5DE000230FA /* Shared */,
				749F88852BFBD63E00D7F386 /* Launch Screen.storyboard */,
				748FE40A2C54127D0026F2A2 /* ConsumerWorkbench-Bridging-Header.h */,
			);
			path = ConsumerWorkbench;
			sourceTree = "<group>";
		};
		53E128232B50092E00976CAC /* StytchUIDemo */ = {
			isa = PBXGroup;
			children = (
				7425CEF12C518A260068B33E /* Info.plist */,
				7763D5AF2B58698F00F00737 /* StytchUIDemo.entitlements */,
				53E128242B50092E00976CAC /* StytchUIDemoApp.swift */,
				53E128262B50092E00976CAC /* ContentView.swift */,
				53E128282B50092F00976CAC /* Assets.xcassets */,
				7478F7D82BF595CD00BCB233 /* Launch Screen.storyboard */,
			);
			path = StytchUIDemo;
			sourceTree = "<group>";
		};
		53E1283E2B50092F00976CAC /* StytchUITests */ = {
			isa = PBXGroup;
			children = (
				53E1283F2B50092F00976CAC /* StytchUITests.swift */,
				53E128412B50092F00976CAC /* StytchUILaunchTests.swift */,
				5354B5A12B572D3900B3081C /* MagicLinkTests.swift */,
				5354B5A72B597BFB00B3081C /* Util.swift */,
				5354B5A52B58801400B3081C /* PasswordTests.swift */,
				5354B5AB2B59961E00B3081C /* MagicLinkPasswordTests.swift */,
			);
			path = StytchUITests;
			sourceTree = "<group>";
		};
		740F147F2D2C33F90028180F /* Shared */ = {
			isa = PBXGroup;
			children = (
				7478F7DA2BF6467900BCB233 /* CommonExtensions.swift */,
			);
			path = Shared;
			sourceTree = "<group>";
		};
		7418270F2CF0FF1E00A475CB /* Preview Content */ = {
			isa = PBXGroup;
			children = (
				7418270E2CF0FF1E00A475CB /* Preview Assets.xcassets */,
			);
			path = "Preview Content";
			sourceTree = "<group>";
		};
		741827132CF0FF1E00A475CB /* StytchB2BUIDemo */ = {
			isa = PBXGroup;
			children = (
				7418271C2CF0FFBE00A475CB /* Info.plist */,
				7418270F2CF0FF1E00A475CB /* Preview Content */,
				741827102CF0FF1E00A475CB /* Assets.xcassets */,
				741827112CF0FF1E00A475CB /* ContentView.swift */,
				741827122CF0FF1E00A475CB /* StytchB2BUIDemoApp.swift */,
				7437F8242CF4F78E00701EF0 /* Launch Screen B2B.storyboard */,
			);
			path = StytchB2BUIDemo;
			sourceTree = "<group>";
		};
		745BAB662C88C27600771497 /* StytchDemo */ = {
			isa = PBXGroup;
			children = (
				745BAB752C88C65F00771497 /* Info.plist */,
				745BAB672C88C27600771497 /* StytchDemoApp.swift */,
				745BAB692C88C27600771497 /* ContentView.swift */,
				745BAB7B2C88CFD900771497 /* OTPView.swift */,
				745BAB7D2C88D2B300771497 /* LoggedInView.swift */,
				745BAB7F2C88E09E00771497 /* OTPAuthenticationManager.swift */,
				745BAB6B2C88C27700771497 /* Assets.xcassets */,
				745BAB732C88C5BF00771497 /* Launch Screen.storyboard */,
				745BAB812C89FBA800771497 /* User.Name+Helpers.swift */,
			);
			path = StytchDemo;
			sourceTree = "<group>";
		};
		745BAB772C88C96800771497 /* Frameworks */ = {
			isa = PBXGroup;
			children = (
			);
			name = Frameworks;
			sourceTree = "<group>";
		};
		748FE4092C5410670026F2A2 /* DemoApps */ = {
			isa = PBXGroup;
			children = (
				740F147F2D2C33F90028180F /* Shared */,
				745BAB662C88C27600771497 /* StytchDemo */,
				53E128232B50092E00976CAC /* StytchUIDemo */,
				741827132CF0FF1E00A475CB /* StytchB2BUIDemo */,
				22BE99F82847FDC800E29245 /* ConsumerWorkbench */,
				22315319299EE16D00BA9126 /* B2BWorkbench */,
				74BCCBD62D2C2A97001A1C0A /* StytchBiometrics */,
				53E1283E2B50092F00976CAC /* StytchUITests */,
				53E1284C2B500C7400976CAC /* StytchUI.xctestplan */,
			);
			path = DemoApps;
			sourceTree = "<group>";
		};
		74BCCBD62D2C2A97001A1C0A /* StytchBiometrics */ = {
			isa = PBXGroup;
			children = (
				74BCCBCD2D2C2A97001A1C0A /* AppDelegate.swift */,
				74BCCBCE2D2C2A97001A1C0A /* Assets.xcassets */,
				74BCCBCF2D2C2A97001A1C0A /* Info.plist */,
				74BCCBD12D2C2A97001A1C0A /* StytchBiometricsLaunchScreen.storyboard */,
				74BCCBD32D2C2A97001A1C0A /* Main.storyboard */,
				74BCCBD42D2C2A97001A1C0A /* SceneDelegate.swift */,
				74BCCBD52D2C2A97001A1C0A /* ViewController.swift */,
			);
			path = StytchBiometrics;
			sourceTree = "<group>";
		};
		74F0088E2C25BB8800E0F863 /* ViewControllers */ = {
			isa = PBXGroup;
			children = (
				2231531E299EE16D00BA9126 /* RootViewController.swift */,
				2254779129A05C3E003DF229 /* AuthHomeViewController.swift */,
				2254779D29A06EBB003DF229 /* AuthMethodControllers */,
			);
			path = ViewControllers;
			sourceTree = "<group>";
		};
/* End PBXGroup section */

/* Begin PBXNativeTarget section */
		22315317299EE16D00BA9126 /* B2BWorkbench */ = {
			isa = PBXNativeTarget;
			buildConfigurationList = 22315329299EE16E00BA9126 /* Build configuration list for PBXNativeTarget "B2BWorkbench" */;
			buildPhases = (
				22315314299EE16D00BA9126 /* Sources */,
				22315315299EE16D00BA9126 /* Frameworks */,
				22315316299EE16D00BA9126 /* Resources */,
			);
			buildRules = (
			);
			dependencies = (
			);
			name = B2BWorkbench;
			packageProductDependencies = (
				2231532C299EE5E700BA9126 /* StytchCore */,
				74234D502C21EB770001DA69 /* SwiftOTP */,
				7462DACA2D0236F100329553 /* StytchUI */,
			);
			productName = B2BWorkbench;
			productReference = 22315318299EE16D00BA9126 /* B2BWorkbench.app */;
			productType = "com.apple.product-type.application";
		};
		229B82172809EA3F007BC3F1 /* ConsumerWorkbench */ = {
			isa = PBXNativeTarget;
			buildConfigurationList = 229B82292809EA3F007BC3F1 /* Build configuration list for PBXNativeTarget "ConsumerWorkbench" */;
			buildPhases = (
				229B82142809EA3F007BC3F1 /* Sources */,
				229B82152809EA3F007BC3F1 /* Frameworks */,
				229B82162809EA3F007BC3F1 /* Resources */,
			);
			buildRules = (
			);
			dependencies = (
				22E434622809EF2F00FB45F0 /* PBXTargetDependency */,
			);
			name = ConsumerWorkbench;
			packageProductDependencies = (
				226375C5280CBAE0000CDD49 /* StytchCore */,
				22B978042A1C4EE6000A35BC /* StytchUI */,
			);
			productName = "Stytch (iOS)";
			productReference = 229B82182809EA3F007BC3F1 /* Stytch.app */;
			productType = "com.apple.product-type.application";
		};
		53E128212B50092E00976CAC /* StytchUIDemo */ = {
			isa = PBXNativeTarget;
			buildConfigurationList = 53E128492B50092F00976CAC /* Build configuration list for PBXNativeTarget "StytchUIDemo" */;
			buildPhases = (
				53E1281E2B50092E00976CAC /* Sources */,
				53E1281F2B50092E00976CAC /* Frameworks */,
				53E128202B50092E00976CAC /* Resources */,
			);
			buildRules = (
			);
			dependencies = (
			);
			name = StytchUIDemo;
			packageProductDependencies = (
				5354B59F2B507F1500B3081C /* StytchUI */,
			);
			productName = StytchUIDemo;
			productReference = 53E128222B50092E00976CAC /* StytchUIDemo.app */;
			productType = "com.apple.product-type.application";
		};
		53E1283A2B50092F00976CAC /* StytchUITests */ = {
			isa = PBXNativeTarget;
			buildConfigurationList = 53E1284B2B50092F00976CAC /* Build configuration list for PBXNativeTarget "StytchUITests" */;
			buildPhases = (
				53E128372B50092F00976CAC /* Sources */,
				53E128382B50092F00976CAC /* Frameworks */,
				53E128392B50092F00976CAC /* Resources */,
			);
			buildRules = (
			);
			dependencies = (
				53E1283D2B50092F00976CAC /* PBXTargetDependency */,
			);
			name = StytchUITests;
			productName = StytchUIDemoUITests;
			productReference = 53E1283B2B50092F00976CAC /* StytchUITests.xctest */;
			productType = "com.apple.product-type.bundle.ui-testing";
		};
		741826FF2CF0D8A600A475CB /* StytchB2BUIDemo */ = {
			isa = PBXNativeTarget;
			buildConfigurationList = 7418270D2CF0D8A600A475CB /* Build configuration list for PBXNativeTarget "StytchB2BUIDemo" */;
			buildPhases = (
				741826FC2CF0D8A600A475CB /* Sources */,
				741826FD2CF0D8A600A475CB /* Frameworks */,
				741826FE2CF0D8A600A475CB /* Resources */,
			);
			buildRules = (
			);
			dependencies = (
			);
			name = StytchB2BUIDemo;
			packageProductDependencies = (
				7447F58C2CF108E90006F181 /* StytchUI */,
			);
			productName = StytchB2BUIDemo;
			productReference = 741827002CF0D8A600A475CB /* StytchB2BUIDemo.app */;
			productType = "com.apple.product-type.application";
		};
		745BAB642C88C27600771497 /* StytchDemo */ = {
			isa = PBXNativeTarget;
			buildConfigurationList = 745BAB702C88C27700771497 /* Build configuration list for PBXNativeTarget "StytchDemo" */;
			buildPhases = (
				745BAB612C88C27600771497 /* Sources */,
				745BAB622C88C27600771497 /* Frameworks */,
				745BAB632C88C27600771497 /* Resources */,
			);
			buildRules = (
			);
			dependencies = (
			);
			name = StytchDemo;
			packageProductDependencies = (
				745BAB782C88C96800771497 /* StytchCore */,
			);
			productName = StytchDemo;
			productReference = 745BAB652C88C27600771497 /* StytchDemo.app */;
			productType = "com.apple.product-type.application";
		};
		74BCCBB72D2C2A8D001A1C0A /* StytchBiometrics */ = {
			isa = PBXNativeTarget;
			buildConfigurationList = 74BCCBCC2D2C2A8D001A1C0A /* Build configuration list for PBXNativeTarget "StytchBiometrics" */;
			buildPhases = (
				74BCCBB42D2C2A8D001A1C0A /* Sources */,
				74BCCBB52D2C2A8D001A1C0A /* Frameworks */,
				74BCCBB62D2C2A8D001A1C0A /* Resources */,
			);
			buildRules = (
			);
			dependencies = (
			);
			name = StytchBiometrics;
			packageProductDependencies = (
				74BCCBDE2D2C2DE7001A1C0A /* StytchCore */,
			);
			productName = StytchBiometorics;
			productReference = 74BCCBB82D2C2A8D001A1C0A /* StytchBiometrics.app */;
			productType = "com.apple.product-type.application";
		};
/* End PBXNativeTarget section */

/* Begin PBXProject section */
		229B820C2809EA3E007BC3F1 /* Project object */ = {
			isa = PBXProject;
			attributes = {
				BuildIndependentTargetsInParallel = 1;
				LastSwiftUpdateCheck = 1620;
				LastUpgradeCheck = 1540;
				TargetAttributes = {
					22315317299EE16D00BA9126 = {
						CreatedOnToolsVersion = 14.2;
						LastSwiftMigration = 1430;
					};
					229B82172809EA3F007BC3F1 = {
						CreatedOnToolsVersion = 13.3;
						LastSwiftMigration = 1430;
					};
					53E128212B50092E00976CAC = {
						CreatedOnToolsVersion = 15.2;
					};
					53E1283A2B50092F00976CAC = {
						CreatedOnToolsVersion = 15.2;
						TestTargetID = 53E128212B50092E00976CAC;
					};
					741826FF2CF0D8A600A475CB = {
						CreatedOnToolsVersion = 16.1;
					};
					745BAB642C88C27600771497 = {
						CreatedOnToolsVersion = 15.4;
					};
					74BCCBB72D2C2A8D001A1C0A = {
						CreatedOnToolsVersion = 16.2;
					};
				};
			};
			buildConfigurationList = 229B820F2809EA3E007BC3F1 /* Build configuration list for PBXProject "Stytch" */;
			compatibilityVersion = "Xcode 13.0";
			developmentRegion = en;
			hasScannedForEncodings = 0;
			knownRegions = (
				en,
				Base,
			);
			mainGroup = 229B820B2809EA3E007BC3F1;
			packageReferences = (
				77AC9C5E2AA0FCCD004059CF /* XCRemoteSwiftPackageReference "recaptcha-enterprise-mobile-sdk" */,
				74234D4F2C21EB6D0001DA69 /* XCRemoteSwiftPackageReference "SwiftOTP" */,
				749E98562CC0AAA8002F21AC /* XCRemoteSwiftPackageReference "SwiftyJSON" */,
			);
			productRefGroup = 229B82192809EA3F007BC3F1 /* Products */;
			projectDirPath = "";
			projectRoot = "";
			targets = (
				745BAB642C88C27600771497 /* StytchDemo */,
				53E128212B50092E00976CAC /* StytchUIDemo */,
				741826FF2CF0D8A600A475CB /* StytchB2BUIDemo */,
				229B82172809EA3F007BC3F1 /* ConsumerWorkbench */,
				22315317299EE16D00BA9126 /* B2BWorkbench */,
				53E1283A2B50092F00976CAC /* StytchUITests */,
				74BCCBB72D2C2A8D001A1C0A /* StytchBiometrics */,
			);
		};
/* End PBXProject section */

/* Begin PBXResourcesBuildPhase section */
		22315316299EE16D00BA9126 /* Resources */ = {
			isa = PBXResourcesBuildPhase;
			buildActionMask = 2147483647;
			files = (
				22315327299EE16E00BA9126 /* LaunchScreen.storyboard in Resources */,
				22315324299EE16E00BA9126 /* Assets.xcassets in Resources */,
				22315322299EE16D00BA9126 /* Main.storyboard in Resources */,
			);
			runOnlyForDeploymentPostprocessing = 0;
		};
		229B82162809EA3F007BC3F1 /* Resources */ = {
			isa = PBXResourcesBuildPhase;
			buildActionMask = 2147483647;
			files = (
				749F88862BFBD63E00D7F386 /* Launch Screen.storyboard in Resources */,
				224F7D3D280CC5DE000230FA /* Assets.xcassets in Resources */,
			);
			runOnlyForDeploymentPostprocessing = 0;
		};
		53E128202B50092E00976CAC /* Resources */ = {
			isa = PBXResourcesBuildPhase;
			buildActionMask = 2147483647;
			files = (
				7478F7D92BF595CD00BCB233 /* Launch Screen.storyboard in Resources */,
				53E128292B50092F00976CAC /* Assets.xcassets in Resources */,
			);
			runOnlyForDeploymentPostprocessing = 0;
		};
		53E128392B50092F00976CAC /* Resources */ = {
			isa = PBXResourcesBuildPhase;
			buildActionMask = 2147483647;
			files = (
			);
			runOnlyForDeploymentPostprocessing = 0;
		};
		741826FE2CF0D8A600A475CB /* Resources */ = {
			isa = PBXResourcesBuildPhase;
			buildActionMask = 2147483647;
			files = (
				7437F8252CF4F78E00701EF0 /* Launch Screen B2B.storyboard in Resources */,
				741827142CF0FF1E00A475CB /* Preview Assets.xcassets in Resources */,
				741827152CF0FF1E00A475CB /* Assets.xcassets in Resources */,
			);
			runOnlyForDeploymentPostprocessing = 0;
		};
		745BAB632C88C27600771497 /* Resources */ = {
			isa = PBXResourcesBuildPhase;
			buildActionMask = 2147483647;
			files = (
				745BAB742C88C5BF00771497 /* Launch Screen.storyboard in Resources */,
				745BAB6C2C88C27700771497 /* Assets.xcassets in Resources */,
			);
			runOnlyForDeploymentPostprocessing = 0;
		};
		74BCCBB62D2C2A8D001A1C0A /* Resources */ = {
			isa = PBXResourcesBuildPhase;
			buildActionMask = 2147483647;
			files = (
				74BCCBDA2D2C2A97001A1C0A /* Assets.xcassets in Resources */,
				74BCCBDC2D2C2A97001A1C0A /* StytchBiometricsLaunchScreen.storyboard in Resources */,
				74BCCBDD2D2C2A97001A1C0A /* Main.storyboard in Resources */,
			);
			runOnlyForDeploymentPostprocessing = 0;
		};
/* End PBXResourcesBuildPhase section */

/* Begin PBXSourcesBuildPhase section */
		22315314299EE16D00BA9126 /* Sources */ = {
			isa = PBXSourcesBuildPhase;
			buildActionMask = 2147483647;
			files = (
				2231531F299EE16D00BA9126 /* RootViewController.swift in Sources */,
				224E6F2529E8CAEB0031D37A /* PasswordsViewController.swift in Sources */,
				74234D4E2C21EAC10001DA69 /* TOTPViewController.swift in Sources */,
				2254779429A05C6A003DF229 /* MagicLinksViewController.swift in Sources */,
				2254779229A05C3E003DF229 /* AuthHomeViewController.swift in Sources */,
				74C427992C9A25E700EFA1A1 /* SCIMViewController.swift in Sources */,
				74234D4C2C21E1240001DA69 /* SearchManagerViewController.swift in Sources */,
				74F3702A2C07B7F400AED9C9 /* OrganizationMemberViewController.swift in Sources */,
				2231531B299EE16D00BA9126 /* AppDelegate.swift in Sources */,
				7478F7DC2BF6467900BCB233 /* CommonExtensions.swift in Sources */,
				2254779A29A05D37003DF229 /* OrganizationViewController.swift in Sources */,
				2254779C29A05D4E003DF229 /* SessionsViewController.swift in Sources */,
				22ABFABB29F7690100927518 /* SSOViewController.swift in Sources */,
				74A2D1912C21FDF8007F8F20 /* OTPViewController.swift in Sources */,
				22ABFAB929F7628E00927518 /* DiscoveryViewController.swift in Sources */,
				2254779829A05D08003DF229 /* MemberViewController.swift in Sources */,
				2254779629A05C93003DF229 /* Constants.swift in Sources */,
				74F0088D2C24C05100E0F863 /* RecoveryCodesViewController.swift in Sources */,
				740F14822D2C35AD0028180F /* Extensions.swift in Sources */,
				74DD38CB2C2A2ABA00BEB0DD /* OAuthViewController.swift in Sources */,
				74707A342D15C8F700CCCDC8 /* B2BUIViewController.swift in Sources */,
				2231531D299EE16D00BA9126 /* SceneDelegate.swift in Sources */,
			);
			runOnlyForDeploymentPostprocessing = 0;
		};
		229B82142809EA3F007BC3F1 /* Sources */ = {
			isa = PBXSourcesBuildPhase;
			buildActionMask = 2147483647;
			files = (
				2222D14128306426008CEBD7 /* OTPAuthenticationView.swift in Sources */,
				223F88BD2894D09400CE2B0C /* PasswordFeedbackView.swift in Sources */,
				223F88C32894D0F500CE2B0C /* PasswordModel.swift in Sources */,
				22909079284D9F4600ADD3C4 /* Extensions.swift in Sources */,
				224F7D3F280CC5DE000230FA /* ContentView.swift in Sources */,
				2266CF2728FA0B32005EFFC6 /* PasskeysAuthenticationView.swift in Sources */,
				22909095284DD5EE00ADD3C4 /* HobbiesView.swift in Sources */,
				223F88B6289249C700CE2B0C /* PasswordAuthenticationView.swift in Sources */,
				224F7D4A280CEDD0000230FA /* EmailAuthenticationView.swift in Sources */,
				22B523B4296CDF09009FFC18 /* TOTPAuthenticationView.swift in Sources */,
				22E2E06128ECF6AD00327719 /* OAuthAuthenticationView.swift in Sources */,
				223F88C02894D0D500CE2B0C /* PasswordView.swift in Sources */,
				224F7D41280CC5F6000230FA /* StytchDemoApp.swift in Sources */,
				223F88B92894D05000CE2B0C /* ResetPasswordView.swift in Sources */,
				2290907C284D9F7000ADD3C4 /* AuthenticationOptionsView.swift in Sources */,
				224F7D4D280CEDF5000230FA /* SessionView.swift in Sources */,
			);
			runOnlyForDeploymentPostprocessing = 0;
		};
		53E1281E2B50092E00976CAC /* Sources */ = {
			isa = PBXSourcesBuildPhase;
			buildActionMask = 2147483647;
			files = (
				53E128272B50092E00976CAC /* ContentView.swift in Sources */,
				53E128252B50092E00976CAC /* StytchUIDemoApp.swift in Sources */,
			);
			runOnlyForDeploymentPostprocessing = 0;
		};
		53E128372B50092F00976CAC /* Sources */ = {
			isa = PBXSourcesBuildPhase;
			buildActionMask = 2147483647;
			files = (
				5354B5A62B58801400B3081C /* PasswordTests.swift in Sources */,
				5354B5A22B572D3900B3081C /* MagicLinkTests.swift in Sources */,
				53E128422B50092F00976CAC /* StytchUILaunchTests.swift in Sources */,
				53E128402B50092F00976CAC /* StytchUITests.swift in Sources */,
				5354B5AC2B59961E00B3081C /* MagicLinkPasswordTests.swift in Sources */,
				5354B5A82B597BFB00B3081C /* Util.swift in Sources */,
			);
			runOnlyForDeploymentPostprocessing = 0;
		};
		741826FC2CF0D8A600A475CB /* Sources */ = {
			isa = PBXSourcesBuildPhase;
			buildActionMask = 2147483647;
			files = (
				741827162CF0FF1E00A475CB /* ContentView.swift in Sources */,
				741827172CF0FF1E00A475CB /* StytchB2BUIDemoApp.swift in Sources */,
			);
			runOnlyForDeploymentPostprocessing = 0;
		};
		745BAB612C88C27600771497 /* Sources */ = {
			isa = PBXSourcesBuildPhase;
			buildActionMask = 2147483647;
			files = (
				745BAB802C88E09E00771497 /* OTPAuthenticationManager.swift in Sources */,
				745BAB822C89FBA800771497 /* User.Name+Helpers.swift in Sources */,
				745BAB7A2C88C9E200771497 /* StytchDemoApp.swift in Sources */,
				745BAB7E2C88D2B300771497 /* LoggedInView.swift in Sources */,
				745BAB6A2C88C27600771497 /* ContentView.swift in Sources */,
				745BAB7C2C88CFD900771497 /* OTPView.swift in Sources */,
			);
			runOnlyForDeploymentPostprocessing = 0;
		};
		74BCCBB42D2C2A8D001A1C0A /* Sources */ = {
			isa = PBXSourcesBuildPhase;
			buildActionMask = 2147483647;
			files = (
				74BCCBD72D2C2A97001A1C0A /* AppDelegate.swift in Sources */,
				74BCCBD82D2C2A97001A1C0A /* SceneDelegate.swift in Sources */,
				74BCCBD92D2C2A97001A1C0A /* ViewController.swift in Sources */,
				740F14802D2C34090028180F /* CommonExtensions.swift in Sources */,
			);
			runOnlyForDeploymentPostprocessing = 0;
		};
/* End PBXSourcesBuildPhase section */

/* Begin PBXTargetDependency section */
		22E434622809EF2F00FB45F0 /* PBXTargetDependency */ = {
			isa = PBXTargetDependency;
			productRef = 22E434612809EF2F00FB45F0 /* StytchCore */;
		};
		53E1283D2B50092F00976CAC /* PBXTargetDependency */ = {
			isa = PBXTargetDependency;
			target = 53E128212B50092E00976CAC /* StytchUIDemo */;
			targetProxy = 53E1283C2B50092F00976CAC /* PBXContainerItemProxy */;
		};
/* End PBXTargetDependency section */

/* Begin PBXVariantGroup section */
		22315320299EE16D00BA9126 /* Main.storyboard */ = {
			isa = PBXVariantGroup;
			children = (
				22315321299EE16D00BA9126 /* Base */,
			);
			name = Main.storyboard;
			sourceTree = "<group>";
		};
		22315325299EE16E00BA9126 /* LaunchScreen.storyboard */ = {
			isa = PBXVariantGroup;
			children = (
				22315326299EE16E00BA9126 /* Base */,
			);
			name = LaunchScreen.storyboard;
			sourceTree = "<group>";
		};
		74BCCBD12D2C2A97001A1C0A /* StytchBiometricsLaunchScreen.storyboard */ = {
			isa = PBXVariantGroup;
			children = (
				74BCCBD02D2C2A97001A1C0A /* Base */,
			);
			name = StytchBiometricsLaunchScreen.storyboard;
			sourceTree = "<group>";
		};
		74BCCBD32D2C2A97001A1C0A /* Main.storyboard */ = {
			isa = PBXVariantGroup;
			children = (
				74BCCBD22D2C2A97001A1C0A /* Base */,
			);
			name = Main.storyboard;
			sourceTree = "<group>";
		};
/* End PBXVariantGroup section */

/* Begin XCBuildConfiguration section */
		2231532A299EE16E00BA9126 /* Debug */ = {
			isa = XCBuildConfiguration;
			buildSettings = {
				ASSETCATALOG_COMPILER_APPICON_NAME = AppIcon;
				ASSETCATALOG_COMPILER_GLOBAL_ACCENT_COLOR_NAME = AccentColor;
				CLANG_CXX_LANGUAGE_STANDARD = "gnu++20";
				CLANG_ENABLE_MODULES = YES;
				CODE_SIGN_STYLE = Automatic;
				CURRENT_PROJECT_VERSION = 1;
				DEVELOPMENT_TEAM = 22B584A5Q6;
				GENERATE_INFOPLIST_FILE = YES;
				INFOPLIST_FILE = DemoApps/B2BWorkbench/Info.plist;
				INFOPLIST_KEY_CFBundleDisplayName = B2B;
				INFOPLIST_KEY_UIApplicationSupportsIndirectInputEvents = YES;
				INFOPLIST_KEY_UILaunchStoryboardName = LaunchScreen.storyboard;
				INFOPLIST_KEY_UIMainStoryboardFile = Main;
				INFOPLIST_KEY_UISupportedInterfaceOrientations_iPad = "UIInterfaceOrientationPortrait UIInterfaceOrientationPortraitUpsideDown UIInterfaceOrientationLandscapeLeft UIInterfaceOrientationLandscapeRight";
				INFOPLIST_KEY_UISupportedInterfaceOrientations_iPhone = "UIInterfaceOrientationPortrait UIInterfaceOrientationLandscapeLeft UIInterfaceOrientationLandscapeRight";
				IPHONEOS_DEPLOYMENT_TARGET = 16.2;
				LD_RUNPATH_SEARCH_PATHS = (
					"$(inherited)",
					"@executable_path/Frameworks",
				);
				MARKETING_VERSION = 1.0;
				PRODUCT_BUNDLE_IDENTIFIER = com.stytch.B2BWorkbench;
				PRODUCT_NAME = "$(TARGET_NAME)";
				SDKROOT = iphoneos;
				SWIFT_EMIT_LOC_STRINGS = YES;
				SWIFT_OBJC_BRIDGING_HEADER = "B2BWorkbench-Bridging-Header.h";
				"SWIFT_OBJC_BRIDGING_HEADER[arch=*]" = "";
				SWIFT_OPTIMIZATION_LEVEL = "-Onone";
				SWIFT_VERSION = 5.0;
				TARGETED_DEVICE_FAMILY = "1,2";
			};
			name = Debug;
		};
		2231532B299EE16E00BA9126 /* Release */ = {
			isa = XCBuildConfiguration;
			buildSettings = {
				ASSETCATALOG_COMPILER_APPICON_NAME = AppIcon;
				ASSETCATALOG_COMPILER_GLOBAL_ACCENT_COLOR_NAME = AccentColor;
				CLANG_CXX_LANGUAGE_STANDARD = "gnu++20";
				CLANG_ENABLE_MODULES = YES;
				CODE_SIGN_STYLE = Automatic;
				CURRENT_PROJECT_VERSION = 1;
				DEVELOPMENT_TEAM = 22B584A5Q6;
				GENERATE_INFOPLIST_FILE = YES;
				INFOPLIST_FILE = DemoApps/B2BWorkbench/Info.plist;
				INFOPLIST_KEY_CFBundleDisplayName = B2B;
				INFOPLIST_KEY_UIApplicationSupportsIndirectInputEvents = YES;
				INFOPLIST_KEY_UILaunchStoryboardName = LaunchScreen.storyboard;
				INFOPLIST_KEY_UIMainStoryboardFile = Main;
				INFOPLIST_KEY_UISupportedInterfaceOrientations_iPad = "UIInterfaceOrientationPortrait UIInterfaceOrientationPortraitUpsideDown UIInterfaceOrientationLandscapeLeft UIInterfaceOrientationLandscapeRight";
				INFOPLIST_KEY_UISupportedInterfaceOrientations_iPhone = "UIInterfaceOrientationPortrait UIInterfaceOrientationLandscapeLeft UIInterfaceOrientationLandscapeRight";
				IPHONEOS_DEPLOYMENT_TARGET = 16.2;
				LD_RUNPATH_SEARCH_PATHS = (
					"$(inherited)",
					"@executable_path/Frameworks",
				);
				MARKETING_VERSION = 1.0;
				PRODUCT_BUNDLE_IDENTIFIER = com.stytch.B2BWorkbench;
				PRODUCT_NAME = "$(TARGET_NAME)";
				SDKROOT = iphoneos;
				SWIFT_EMIT_LOC_STRINGS = YES;
				SWIFT_OBJC_BRIDGING_HEADER = "B2BWorkbench-Bridging-Header.h";
				"SWIFT_OBJC_BRIDGING_HEADER[arch=*]" = "";
				SWIFT_VERSION = 5.0;
				TARGETED_DEVICE_FAMILY = "1,2";
				VALIDATE_PRODUCT = YES;
			};
			name = Release;
		};
		229B82272809EA3F007BC3F1 /* Debug */ = {
			isa = XCBuildConfiguration;
			buildSettings = {
				ALWAYS_SEARCH_USER_PATHS = NO;
				CLANG_ANALYZER_NONNULL = YES;
				CLANG_ANALYZER_NUMBER_OBJECT_CONVERSION = YES_AGGRESSIVE;
				CLANG_CXX_LANGUAGE_STANDARD = "gnu++17";
				CLANG_ENABLE_MODULES = YES;
				CLANG_ENABLE_OBJC_ARC = YES;
				CLANG_ENABLE_OBJC_WEAK = YES;
				CLANG_WARN_BLOCK_CAPTURE_AUTORELEASING = YES;
				CLANG_WARN_BOOL_CONVERSION = YES;
				CLANG_WARN_COMMA = YES;
				CLANG_WARN_CONSTANT_CONVERSION = YES;
				CLANG_WARN_DEPRECATED_OBJC_IMPLEMENTATIONS = YES;
				CLANG_WARN_DIRECT_OBJC_ISA_USAGE = YES_ERROR;
				CLANG_WARN_DOCUMENTATION_COMMENTS = YES;
				CLANG_WARN_EMPTY_BODY = YES;
				CLANG_WARN_ENUM_CONVERSION = YES;
				CLANG_WARN_INFINITE_RECURSION = YES;
				CLANG_WARN_INT_CONVERSION = YES;
				CLANG_WARN_NON_LITERAL_NULL_CONVERSION = YES;
				CLANG_WARN_OBJC_IMPLICIT_RETAIN_SELF = YES;
				CLANG_WARN_OBJC_LITERAL_CONVERSION = YES;
				CLANG_WARN_OBJC_ROOT_CLASS = YES_ERROR;
				CLANG_WARN_QUOTED_INCLUDE_IN_FRAMEWORK_HEADER = YES;
				CLANG_WARN_RANGE_LOOP_ANALYSIS = YES;
				CLANG_WARN_STRICT_PROTOTYPES = YES;
				CLANG_WARN_SUSPICIOUS_MOVE = YES;
				CLANG_WARN_UNGUARDED_AVAILABILITY = YES_AGGRESSIVE;
				CLANG_WARN_UNREACHABLE_CODE = YES;
				CLANG_WARN__DUPLICATE_METHOD_MATCH = YES;
				COPY_PHASE_STRIP = NO;
				DEAD_CODE_STRIPPING = YES;
				DEBUG_INFORMATION_FORMAT = dwarf;
				ENABLE_STRICT_OBJC_MSGSEND = YES;
				ENABLE_TESTABILITY = YES;
				GCC_C_LANGUAGE_STANDARD = gnu11;
				GCC_DYNAMIC_NO_PIC = NO;
				GCC_NO_COMMON_BLOCKS = YES;
				GCC_OPTIMIZATION_LEVEL = 0;
				GCC_PREPROCESSOR_DEFINITIONS = (
					"DEBUG=1",
					"$(inherited)",
				);
				GCC_WARN_64_TO_32_BIT_CONVERSION = YES;
				GCC_WARN_ABOUT_RETURN_TYPE = YES_ERROR;
				GCC_WARN_UNDECLARED_SELECTOR = YES;
				GCC_WARN_UNINITIALIZED_AUTOS = YES_AGGRESSIVE;
				GCC_WARN_UNUSED_FUNCTION = YES;
				GCC_WARN_UNUSED_VARIABLE = YES;
				MTL_ENABLE_DEBUG_INFO = INCLUDE_SOURCE;
				MTL_FAST_MATH = YES;
				ONLY_ACTIVE_ARCH = YES;
				"OTHER_LDFLAGS[arch=*]" = "-ObjC";
				SWIFT_ACTIVE_COMPILATION_CONDITIONS = DEBUG;
				"SWIFT_OBJC_BRIDGING_HEADER[arch=*]" = "StytchDemo (iOS)-Bridging-Header";
				SWIFT_OPTIMIZATION_LEVEL = "-Onone";
				SWIFT_STRICT_CONCURRENCY = complete;
			};
			name = Debug;
		};
		229B82282809EA3F007BC3F1 /* Release */ = {
			isa = XCBuildConfiguration;
			buildSettings = {
				ALWAYS_SEARCH_USER_PATHS = NO;
				CLANG_ANALYZER_NONNULL = YES;
				CLANG_ANALYZER_NUMBER_OBJECT_CONVERSION = YES_AGGRESSIVE;
				CLANG_CXX_LANGUAGE_STANDARD = "gnu++17";
				CLANG_ENABLE_MODULES = YES;
				CLANG_ENABLE_OBJC_ARC = YES;
				CLANG_ENABLE_OBJC_WEAK = YES;
				CLANG_WARN_BLOCK_CAPTURE_AUTORELEASING = YES;
				CLANG_WARN_BOOL_CONVERSION = YES;
				CLANG_WARN_COMMA = YES;
				CLANG_WARN_CONSTANT_CONVERSION = YES;
				CLANG_WARN_DEPRECATED_OBJC_IMPLEMENTATIONS = YES;
				CLANG_WARN_DIRECT_OBJC_ISA_USAGE = YES_ERROR;
				CLANG_WARN_DOCUMENTATION_COMMENTS = YES;
				CLANG_WARN_EMPTY_BODY = YES;
				CLANG_WARN_ENUM_CONVERSION = YES;
				CLANG_WARN_INFINITE_RECURSION = YES;
				CLANG_WARN_INT_CONVERSION = YES;
				CLANG_WARN_NON_LITERAL_NULL_CONVERSION = YES;
				CLANG_WARN_OBJC_IMPLICIT_RETAIN_SELF = YES;
				CLANG_WARN_OBJC_LITERAL_CONVERSION = YES;
				CLANG_WARN_OBJC_ROOT_CLASS = YES_ERROR;
				CLANG_WARN_QUOTED_INCLUDE_IN_FRAMEWORK_HEADER = YES;
				CLANG_WARN_RANGE_LOOP_ANALYSIS = YES;
				CLANG_WARN_STRICT_PROTOTYPES = YES;
				CLANG_WARN_SUSPICIOUS_MOVE = YES;
				CLANG_WARN_UNGUARDED_AVAILABILITY = YES_AGGRESSIVE;
				CLANG_WARN_UNREACHABLE_CODE = YES;
				CLANG_WARN__DUPLICATE_METHOD_MATCH = YES;
				COPY_PHASE_STRIP = NO;
				DEAD_CODE_STRIPPING = YES;
				DEBUG_INFORMATION_FORMAT = "dwarf-with-dsym";
				ENABLE_NS_ASSERTIONS = NO;
				ENABLE_STRICT_OBJC_MSGSEND = YES;
				GCC_C_LANGUAGE_STANDARD = gnu11;
				GCC_NO_COMMON_BLOCKS = YES;
				GCC_WARN_64_TO_32_BIT_CONVERSION = YES;
				GCC_WARN_ABOUT_RETURN_TYPE = YES_ERROR;
				GCC_WARN_UNDECLARED_SELECTOR = YES;
				GCC_WARN_UNINITIALIZED_AUTOS = YES_AGGRESSIVE;
				GCC_WARN_UNUSED_FUNCTION = YES;
				GCC_WARN_UNUSED_VARIABLE = YES;
				MTL_ENABLE_DEBUG_INFO = NO;
				MTL_FAST_MATH = YES;
				"OTHER_LDFLAGS[arch=*]" = "-ObjC";
				SWIFT_COMPILATION_MODE = wholemodule;
				"SWIFT_OBJC_BRIDGING_HEADER[arch=*]" = "StytchDemo/StytchDemo (iOS)-Bridging-Header";
				SWIFT_OPTIMIZATION_LEVEL = "-O";
				SWIFT_STRICT_CONCURRENCY = complete;
			};
			name = Release;
		};
		229B822A2809EA3F007BC3F1 /* Debug */ = {
			isa = XCBuildConfiguration;
			buildSettings = {
				ASSETCATALOG_COMPILER_APPICON_NAME = AppIcon;
				ASSETCATALOG_COMPILER_GLOBAL_ACCENT_COLOR_NAME = AccentColor;
				CLANG_ENABLE_MODULES = YES;
				CODE_SIGN_ENTITLEMENTS = DemoApps/ConsumerWorkbench/iOS/iOS.entitlements;
				CODE_SIGN_STYLE = Automatic;
				CURRENT_PROJECT_VERSION = 1;
				DEVELOPMENT_TEAM = 22B584A5Q6;
				ENABLE_PREVIEWS = YES;
				GENERATE_INFOPLIST_FILE = YES;
				INFOPLIST_FILE = DemoApps/ConsumerWorkbench/Shared/Info.plist;
				INFOPLIST_KEY_NSFaceIDUsageDescription = "'cause biometrics and stuff.";
				INFOPLIST_KEY_UIApplicationSceneManifest_Generation = YES;
				INFOPLIST_KEY_UIApplicationSupportsIndirectInputEvents = YES;
				INFOPLIST_KEY_UILaunchScreen_Generation = YES;
				INFOPLIST_KEY_UILaunchStoryboardName = "Launch Screen.storyboard";
				INFOPLIST_KEY_UISupportedInterfaceOrientations_iPad = "UIInterfaceOrientationPortrait UIInterfaceOrientationPortraitUpsideDown UIInterfaceOrientationLandscapeLeft UIInterfaceOrientationLandscapeRight";
				INFOPLIST_KEY_UISupportedInterfaceOrientations_iPhone = "UIInterfaceOrientationPortrait UIInterfaceOrientationLandscapeLeft UIInterfaceOrientationLandscapeRight";
				IPHONEOS_DEPLOYMENT_TARGET = 15.4;
				LD_RUNPATH_SEARCH_PATHS = (
					"$(inherited)",
					"@executable_path/Frameworks",
				);
				MARKETING_VERSION = 1.0;
				PRODUCT_BUNDLE_IDENTIFIER = com.stytch.ConsumerWorkbench;
				PRODUCT_NAME = Stytch;
				SDKROOT = iphoneos;
				SWIFT_EMIT_LOC_STRINGS = YES;
				SWIFT_OBJC_BRIDGING_HEADER = "ConsumerWorkbench-Bridging-Header.h";
				"SWIFT_OBJC_BRIDGING_HEADER[arch=*]" = "";
				SWIFT_OPTIMIZATION_LEVEL = "-Onone";
				SWIFT_VERSION = 5.0;
				TARGETED_DEVICE_FAMILY = "1,2";
			};
			name = Debug;
		};
		229B822B2809EA3F007BC3F1 /* Release */ = {
			isa = XCBuildConfiguration;
			buildSettings = {
				ASSETCATALOG_COMPILER_APPICON_NAME = AppIcon;
				ASSETCATALOG_COMPILER_GLOBAL_ACCENT_COLOR_NAME = AccentColor;
				CLANG_ENABLE_MODULES = YES;
				CODE_SIGN_ENTITLEMENTS = DemoApps/ConsumerWorkbench/iOS/iOS.entitlements;
				CODE_SIGN_STYLE = Automatic;
				CURRENT_PROJECT_VERSION = 1;
				DEVELOPMENT_TEAM = 22B584A5Q6;
				ENABLE_PREVIEWS = YES;
				GENERATE_INFOPLIST_FILE = YES;
				INFOPLIST_FILE = DemoApps/ConsumerWorkbench/Shared/Info.plist;
				INFOPLIST_KEY_NSFaceIDUsageDescription = "'cause biometrics and stuff.";
				INFOPLIST_KEY_UIApplicationSceneManifest_Generation = YES;
				INFOPLIST_KEY_UIApplicationSupportsIndirectInputEvents = YES;
				INFOPLIST_KEY_UILaunchScreen_Generation = YES;
				INFOPLIST_KEY_UILaunchStoryboardName = "Launch Screen.storyboard";
				INFOPLIST_KEY_UISupportedInterfaceOrientations_iPad = "UIInterfaceOrientationPortrait UIInterfaceOrientationPortraitUpsideDown UIInterfaceOrientationLandscapeLeft UIInterfaceOrientationLandscapeRight";
				INFOPLIST_KEY_UISupportedInterfaceOrientations_iPhone = "UIInterfaceOrientationPortrait UIInterfaceOrientationLandscapeLeft UIInterfaceOrientationLandscapeRight";
				IPHONEOS_DEPLOYMENT_TARGET = 15.4;
				LD_RUNPATH_SEARCH_PATHS = (
					"$(inherited)",
					"@executable_path/Frameworks",
				);
				MARKETING_VERSION = 1.0;
				PRODUCT_BUNDLE_IDENTIFIER = com.stytch.ConsumerWorkbench;
				PRODUCT_NAME = Stytch;
				SDKROOT = iphoneos;
				SWIFT_EMIT_LOC_STRINGS = YES;
				SWIFT_OBJC_BRIDGING_HEADER = "ConsumerWorkbench-Bridging-Header.h";
				"SWIFT_OBJC_BRIDGING_HEADER[arch=*]" = "";
				SWIFT_VERSION = 5.0;
				TARGETED_DEVICE_FAMILY = "1,2";
				VALIDATE_PRODUCT = YES;
			};
			name = Release;
		};
		53E128432B50092F00976CAC /* Debug */ = {
			isa = XCBuildConfiguration;
			buildSettings = {
				ASSETCATALOG_COMPILER_APPICON_NAME = AppIcon;
				ASSETCATALOG_COMPILER_GENERATE_SWIFT_ASSET_SYMBOL_EXTENSIONS = YES;
				ASSETCATALOG_COMPILER_GLOBAL_ACCENT_COLOR_NAME = AccentColor;
				CLANG_CXX_LANGUAGE_STANDARD = "gnu++20";
				CODE_SIGN_ENTITLEMENTS = DemoApps/StytchUIDemo/StytchUIDemo.entitlements;
				CODE_SIGN_STYLE = Automatic;
				CURRENT_PROJECT_VERSION = 1;
				DEVELOPMENT_TEAM = 22B584A5Q6;
				ENABLE_PREVIEWS = YES;
				ENABLE_USER_SCRIPT_SANDBOXING = YES;
				GCC_C_LANGUAGE_STANDARD = gnu17;
				GENERATE_INFOPLIST_FILE = YES;
				INFOPLIST_FILE = DemoApps/StytchUIDemo/Info.plist;
				INFOPLIST_KEY_UIApplicationSceneManifest_Generation = YES;
				INFOPLIST_KEY_UIApplicationSupportsIndirectInputEvents = YES;
				INFOPLIST_KEY_UILaunchScreen_Generation = YES;
				INFOPLIST_KEY_UILaunchStoryboardName = "Launch Screen.storyboard";
				INFOPLIST_KEY_UISupportedInterfaceOrientations_iPad = "UIInterfaceOrientationPortrait UIInterfaceOrientationPortraitUpsideDown UIInterfaceOrientationLandscapeLeft UIInterfaceOrientationLandscapeRight";
				INFOPLIST_KEY_UISupportedInterfaceOrientations_iPhone = "UIInterfaceOrientationPortrait UIInterfaceOrientationLandscapeLeft UIInterfaceOrientationLandscapeRight";
				IPHONEOS_DEPLOYMENT_TARGET = 18.0;
				LD_RUNPATH_SEARCH_PATHS = (
					"$(inherited)",
					"@executable_path/Frameworks",
				);
				LOCALIZATION_PREFERS_STRING_CATALOGS = YES;
				MARKETING_VERSION = 1.0;
				PRODUCT_BUNDLE_IDENTIFIER = com.stytch.StytchUIDemo;
				PRODUCT_NAME = "$(TARGET_NAME)";
				SDKROOT = iphoneos;
				SWIFT_ACTIVE_COMPILATION_CONDITIONS = "DEBUG $(inherited)";
				SWIFT_EMIT_LOC_STRINGS = YES;
				"SWIFT_OBJC_BRIDGING_HEADER[arch=*]" = "";
				SWIFT_VERSION = 5.0;
				TARGETED_DEVICE_FAMILY = "1,2";
			};
			name = Debug;
		};
		53E128442B50092F00976CAC /* Release */ = {
			isa = XCBuildConfiguration;
			buildSettings = {
				ASSETCATALOG_COMPILER_APPICON_NAME = AppIcon;
				ASSETCATALOG_COMPILER_GENERATE_SWIFT_ASSET_SYMBOL_EXTENSIONS = YES;
				ASSETCATALOG_COMPILER_GLOBAL_ACCENT_COLOR_NAME = AccentColor;
				CLANG_CXX_LANGUAGE_STANDARD = "gnu++20";
				CODE_SIGN_ENTITLEMENTS = DemoApps/StytchUIDemo/StytchUIDemo.entitlements;
				CODE_SIGN_STYLE = Automatic;
				CURRENT_PROJECT_VERSION = 1;
				DEVELOPMENT_TEAM = 22B584A5Q6;
				ENABLE_PREVIEWS = YES;
				ENABLE_USER_SCRIPT_SANDBOXING = YES;
				GCC_C_LANGUAGE_STANDARD = gnu17;
				GENERATE_INFOPLIST_FILE = YES;
				INFOPLIST_FILE = DemoApps/StytchUIDemo/Info.plist;
				INFOPLIST_KEY_UIApplicationSceneManifest_Generation = YES;
				INFOPLIST_KEY_UIApplicationSupportsIndirectInputEvents = YES;
				INFOPLIST_KEY_UILaunchScreen_Generation = YES;
				INFOPLIST_KEY_UILaunchStoryboardName = "Launch Screen.storyboard";
				INFOPLIST_KEY_UISupportedInterfaceOrientations_iPad = "UIInterfaceOrientationPortrait UIInterfaceOrientationPortraitUpsideDown UIInterfaceOrientationLandscapeLeft UIInterfaceOrientationLandscapeRight";
				INFOPLIST_KEY_UISupportedInterfaceOrientations_iPhone = "UIInterfaceOrientationPortrait UIInterfaceOrientationLandscapeLeft UIInterfaceOrientationLandscapeRight";
				IPHONEOS_DEPLOYMENT_TARGET = 18.0;
				LD_RUNPATH_SEARCH_PATHS = (
					"$(inherited)",
					"@executable_path/Frameworks",
				);
				LOCALIZATION_PREFERS_STRING_CATALOGS = YES;
				MARKETING_VERSION = 1.0;
				PRODUCT_BUNDLE_IDENTIFIER = com.stytch.StytchUIDemo;
				PRODUCT_NAME = "$(TARGET_NAME)";
				SDKROOT = iphoneos;
				SWIFT_EMIT_LOC_STRINGS = YES;
				"SWIFT_OBJC_BRIDGING_HEADER[arch=*]" = "";
				SWIFT_VERSION = 5.0;
				TARGETED_DEVICE_FAMILY = "1,2";
				VALIDATE_PRODUCT = YES;
			};
			name = Release;
		};
		53E128472B50092F00976CAC /* Debug */ = {
			isa = XCBuildConfiguration;
			buildSettings = {
				ASSETCATALOG_COMPILER_GENERATE_SWIFT_ASSET_SYMBOL_EXTENSIONS = YES;
				CLANG_CXX_LANGUAGE_STANDARD = "gnu++20";
				CODE_SIGN_STYLE = Automatic;
				CURRENT_PROJECT_VERSION = 1;
				DEVELOPMENT_TEAM = 22B584A5Q6;
				ENABLE_USER_SCRIPT_SANDBOXING = YES;
				GCC_C_LANGUAGE_STANDARD = gnu17;
				GENERATE_INFOPLIST_FILE = YES;
				IPHONEOS_DEPLOYMENT_TARGET = 17.2;
				LOCALIZATION_PREFERS_STRING_CATALOGS = YES;
				MARKETING_VERSION = 1.0;
				PRODUCT_BUNDLE_IDENTIFIER = com.stytch.StytchUIDemoUITests;
				PRODUCT_NAME = "$(TARGET_NAME)";
				SDKROOT = iphoneos;
				SWIFT_ACTIVE_COMPILATION_CONDITIONS = "DEBUG $(inherited)";
				SWIFT_EMIT_LOC_STRINGS = NO;
				"SWIFT_OBJC_BRIDGING_HEADER[arch=*]" = "";
				SWIFT_VERSION = 5.0;
				TARGETED_DEVICE_FAMILY = "1,2";
				TEST_TARGET_NAME = StytchUIDemo;
			};
			name = Debug;
		};
		53E128482B50092F00976CAC /* Release */ = {
			isa = XCBuildConfiguration;
			buildSettings = {
				ASSETCATALOG_COMPILER_GENERATE_SWIFT_ASSET_SYMBOL_EXTENSIONS = YES;
				CLANG_CXX_LANGUAGE_STANDARD = "gnu++20";
				CODE_SIGN_STYLE = Automatic;
				CURRENT_PROJECT_VERSION = 1;
				DEVELOPMENT_TEAM = 22B584A5Q6;
				ENABLE_USER_SCRIPT_SANDBOXING = YES;
				GCC_C_LANGUAGE_STANDARD = gnu17;
				GENERATE_INFOPLIST_FILE = YES;
				IPHONEOS_DEPLOYMENT_TARGET = 17.2;
				LOCALIZATION_PREFERS_STRING_CATALOGS = YES;
				MARKETING_VERSION = 1.0;
				PRODUCT_BUNDLE_IDENTIFIER = com.stytch.StytchUIDemoUITests;
				PRODUCT_NAME = "$(TARGET_NAME)";
				SDKROOT = iphoneos;
				SWIFT_EMIT_LOC_STRINGS = NO;
				"SWIFT_OBJC_BRIDGING_HEADER[arch=*]" = "";
				SWIFT_VERSION = 5.0;
				TARGETED_DEVICE_FAMILY = "1,2";
				TEST_TARGET_NAME = StytchUIDemo;
				VALIDATE_PRODUCT = YES;
			};
			name = Release;
		};
		7418270B2CF0D8A600A475CB /* Debug */ = {
			isa = XCBuildConfiguration;
			buildSettings = {
				ASSETCATALOG_COMPILER_APPICON_NAME = AppIcon;
				ASSETCATALOG_COMPILER_GENERATE_SWIFT_ASSET_SYMBOL_EXTENSIONS = YES;
				ASSETCATALOG_COMPILER_GLOBAL_ACCENT_COLOR_NAME = AccentColor;
				CLANG_CXX_LANGUAGE_STANDARD = "gnu++20";
				CODE_SIGN_STYLE = Automatic;
				CURRENT_PROJECT_VERSION = 9;
				DEVELOPMENT_ASSET_PATHS = "";
				DEVELOPMENT_TEAM = 22B584A5Q6;
				ENABLE_PREVIEWS = YES;
				ENABLE_USER_SCRIPT_SANDBOXING = YES;
				GCC_C_LANGUAGE_STANDARD = gnu17;
				GENERATE_INFOPLIST_FILE = YES;
				INFOPLIST_FILE = DemoApps/StytchB2BUIDemo/Info.plist;
				INFOPLIST_KEY_UIApplicationSceneManifest_Generation = YES;
				INFOPLIST_KEY_UIApplicationSupportsIndirectInputEvents = YES;
				INFOPLIST_KEY_UILaunchScreen_Generation = YES;
				INFOPLIST_KEY_UILaunchStoryboardName = "Launch Screen B2B.storyboard";
				INFOPLIST_KEY_UISupportedInterfaceOrientations_iPad = "UIInterfaceOrientationPortrait UIInterfaceOrientationPortraitUpsideDown UIInterfaceOrientationLandscapeLeft UIInterfaceOrientationLandscapeRight";
				INFOPLIST_KEY_UISupportedInterfaceOrientations_iPhone = "UIInterfaceOrientationPortrait UIInterfaceOrientationLandscapeLeft UIInterfaceOrientationLandscapeRight";
				IPHONEOS_DEPLOYMENT_TARGET = 18.0;
				LD_RUNPATH_SEARCH_PATHS = (
					"$(inherited)",
					"@executable_path/Frameworks",
				);
				LOCALIZATION_PREFERS_STRING_CATALOGS = YES;
				MARKETING_VERSION = 1.0;
				PRODUCT_BUNDLE_IDENTIFIER = stytch.StytchB2BUIDemo;
				PRODUCT_NAME = "$(TARGET_NAME)";
				SDKROOT = iphoneos;
				SWIFT_ACTIVE_COMPILATION_CONDITIONS = "DEBUG $(inherited)";
				SWIFT_EMIT_LOC_STRINGS = YES;
				"SWIFT_OBJC_BRIDGING_HEADER[arch=*]" = "";
				SWIFT_VERSION = 5.0;
				TARGETED_DEVICE_FAMILY = "1,2";
			};
			name = Debug;
		};
		7418270C2CF0D8A600A475CB /* Release */ = {
			isa = XCBuildConfiguration;
			buildSettings = {
				ASSETCATALOG_COMPILER_APPICON_NAME = AppIcon;
				ASSETCATALOG_COMPILER_GENERATE_SWIFT_ASSET_SYMBOL_EXTENSIONS = YES;
				ASSETCATALOG_COMPILER_GLOBAL_ACCENT_COLOR_NAME = AccentColor;
				CLANG_CXX_LANGUAGE_STANDARD = "gnu++20";
				CODE_SIGN_STYLE = Automatic;
				CURRENT_PROJECT_VERSION = 9;
				DEVELOPMENT_ASSET_PATHS = "";
				DEVELOPMENT_TEAM = 22B584A5Q6;
				ENABLE_PREVIEWS = YES;
				ENABLE_USER_SCRIPT_SANDBOXING = YES;
				GCC_C_LANGUAGE_STANDARD = gnu17;
				GENERATE_INFOPLIST_FILE = YES;
				INFOPLIST_FILE = DemoApps/StytchB2BUIDemo/Info.plist;
				INFOPLIST_KEY_UIApplicationSceneManifest_Generation = YES;
				INFOPLIST_KEY_UIApplicationSupportsIndirectInputEvents = YES;
				INFOPLIST_KEY_UILaunchScreen_Generation = YES;
				INFOPLIST_KEY_UILaunchStoryboardName = "Launch Screen B2B.storyboard";
				INFOPLIST_KEY_UISupportedInterfaceOrientations_iPad = "UIInterfaceOrientationPortrait UIInterfaceOrientationPortraitUpsideDown UIInterfaceOrientationLandscapeLeft UIInterfaceOrientationLandscapeRight";
				INFOPLIST_KEY_UISupportedInterfaceOrientations_iPhone = "UIInterfaceOrientationPortrait UIInterfaceOrientationLandscapeLeft UIInterfaceOrientationLandscapeRight";
				IPHONEOS_DEPLOYMENT_TARGET = 18.0;
				LD_RUNPATH_SEARCH_PATHS = (
					"$(inherited)",
					"@executable_path/Frameworks",
				);
				LOCALIZATION_PREFERS_STRING_CATALOGS = YES;
				MARKETING_VERSION = 1.0;
				PRODUCT_BUNDLE_IDENTIFIER = stytch.StytchB2BUIDemo;
				PRODUCT_NAME = "$(TARGET_NAME)";
				SDKROOT = iphoneos;
				SWIFT_EMIT_LOC_STRINGS = YES;
				"SWIFT_OBJC_BRIDGING_HEADER[arch=*]" = "";
				SWIFT_VERSION = 5.0;
				TARGETED_DEVICE_FAMILY = "1,2";
				VALIDATE_PRODUCT = YES;
			};
			name = Release;
		};
		745BAB712C88C27700771497 /* Debug */ = {
			isa = XCBuildConfiguration;
			buildSettings = {
				ASSETCATALOG_COMPILER_APPICON_NAME = AppIcon;
				ASSETCATALOG_COMPILER_GENERATE_SWIFT_ASSET_SYMBOL_EXTENSIONS = YES;
				ASSETCATALOG_COMPILER_GLOBAL_ACCENT_COLOR_NAME = AccentColor;
				CLANG_CXX_LANGUAGE_STANDARD = "gnu++20";
				CODE_SIGN_STYLE = Automatic;
				CURRENT_PROJECT_VERSION = 1;
				DEVELOPMENT_TEAM = 22B584A5Q6;
				ENABLE_PREVIEWS = YES;
				ENABLE_USER_SCRIPT_SANDBOXING = YES;
				GCC_C_LANGUAGE_STANDARD = gnu17;
				GENERATE_INFOPLIST_FILE = YES;
				INFOPLIST_FILE = DemoApps/StytchDemo/Info.plist;
				INFOPLIST_KEY_UIApplicationSceneManifest_Generation = YES;
				INFOPLIST_KEY_UIApplicationSupportsIndirectInputEvents = YES;
				INFOPLIST_KEY_UILaunchScreen_Generation = YES;
				INFOPLIST_KEY_UILaunchStoryboardName = "Launch Screen.storyboard";
				INFOPLIST_KEY_UISupportedInterfaceOrientations_iPad = "UIInterfaceOrientationPortrait UIInterfaceOrientationPortraitUpsideDown UIInterfaceOrientationLandscapeLeft UIInterfaceOrientationLandscapeRight";
				INFOPLIST_KEY_UISupportedInterfaceOrientations_iPhone = "UIInterfaceOrientationPortrait UIInterfaceOrientationLandscapeLeft UIInterfaceOrientationLandscapeRight";
				IPHONEOS_DEPLOYMENT_TARGET = 17.5;
				LD_RUNPATH_SEARCH_PATHS = (
					"$(inherited)",
					"@executable_path/Frameworks",
				);
				LOCALIZATION_PREFERS_STRING_CATALOGS = YES;
				MARKETING_VERSION = 1.0;
				PRODUCT_BUNDLE_IDENTIFIER = com.stytch.StytchDemo;
				PRODUCT_NAME = "$(TARGET_NAME)";
				SDKROOT = iphoneos;
				SWIFT_ACTIVE_COMPILATION_CONDITIONS = "DEBUG $(inherited)";
				SWIFT_EMIT_LOC_STRINGS = YES;
				"SWIFT_OBJC_BRIDGING_HEADER[arch=*]" = "";
				SWIFT_VERSION = 5.0;
				TARGETED_DEVICE_FAMILY = "1,2";
			};
			name = Debug;
		};
		745BAB722C88C27700771497 /* Release */ = {
			isa = XCBuildConfiguration;
			buildSettings = {
				ASSETCATALOG_COMPILER_APPICON_NAME = AppIcon;
				ASSETCATALOG_COMPILER_GENERATE_SWIFT_ASSET_SYMBOL_EXTENSIONS = YES;
				ASSETCATALOG_COMPILER_GLOBAL_ACCENT_COLOR_NAME = AccentColor;
				CLANG_CXX_LANGUAGE_STANDARD = "gnu++20";
				CODE_SIGN_STYLE = Automatic;
				CURRENT_PROJECT_VERSION = 1;
				DEVELOPMENT_TEAM = 22B584A5Q6;
				ENABLE_PREVIEWS = YES;
				ENABLE_USER_SCRIPT_SANDBOXING = YES;
				GCC_C_LANGUAGE_STANDARD = gnu17;
				GENERATE_INFOPLIST_FILE = YES;
				INFOPLIST_FILE = DemoApps/StytchDemo/Info.plist;
				INFOPLIST_KEY_UIApplicationSceneManifest_Generation = YES;
				INFOPLIST_KEY_UIApplicationSupportsIndirectInputEvents = YES;
				INFOPLIST_KEY_UILaunchScreen_Generation = YES;
				INFOPLIST_KEY_UILaunchStoryboardName = "Launch Screen.storyboard";
				INFOPLIST_KEY_UISupportedInterfaceOrientations_iPad = "UIInterfaceOrientationPortrait UIInterfaceOrientationPortraitUpsideDown UIInterfaceOrientationLandscapeLeft UIInterfaceOrientationLandscapeRight";
				INFOPLIST_KEY_UISupportedInterfaceOrientations_iPhone = "UIInterfaceOrientationPortrait UIInterfaceOrientationLandscapeLeft UIInterfaceOrientationLandscapeRight";
				IPHONEOS_DEPLOYMENT_TARGET = 17.5;
				LD_RUNPATH_SEARCH_PATHS = (
					"$(inherited)",
					"@executable_path/Frameworks",
				);
				LOCALIZATION_PREFERS_STRING_CATALOGS = YES;
				MARKETING_VERSION = 1.0;
				PRODUCT_BUNDLE_IDENTIFIER = com.stytch.StytchDemo;
				PRODUCT_NAME = "$(TARGET_NAME)";
				SDKROOT = iphoneos;
				SWIFT_EMIT_LOC_STRINGS = YES;
				"SWIFT_OBJC_BRIDGING_HEADER[arch=*]" = "";
				SWIFT_VERSION = 5.0;
				TARGETED_DEVICE_FAMILY = "1,2";
				VALIDATE_PRODUCT = YES;
			};
			name = Release;
		};
		74BCCBC92D2C2A8D001A1C0A /* Debug */ = {
			isa = XCBuildConfiguration;
			buildSettings = {
				ASSETCATALOG_COMPILER_APPICON_NAME = AppIcon;
				ASSETCATALOG_COMPILER_GENERATE_SWIFT_ASSET_SYMBOL_EXTENSIONS = YES;
				ASSETCATALOG_COMPILER_GLOBAL_ACCENT_COLOR_NAME = AccentColor;
				CLANG_CXX_LANGUAGE_STANDARD = "gnu++20";
				CODE_SIGN_STYLE = Automatic;
				CURRENT_PROJECT_VERSION = 1;
				DEVELOPMENT_TEAM = 22B584A5Q6;
				ENABLE_USER_SCRIPT_SANDBOXING = YES;
				GCC_C_LANGUAGE_STANDARD = gnu17;
				GENERATE_INFOPLIST_FILE = YES;
				INFOPLIST_FILE = DemoApps/StytchBiometrics/Info.plist;
				INFOPLIST_KEY_UIApplicationSupportsIndirectInputEvents = YES;
				INFOPLIST_KEY_UILaunchStoryboardName = StytchBiometricsLaunchScreen.storyboard;
				INFOPLIST_KEY_UIMainStoryboardFile = Main;
				INFOPLIST_KEY_UISupportedInterfaceOrientations_iPad = "UIInterfaceOrientationPortrait UIInterfaceOrientationPortraitUpsideDown UIInterfaceOrientationLandscapeLeft UIInterfaceOrientationLandscapeRight";
				INFOPLIST_KEY_UISupportedInterfaceOrientations_iPhone = "UIInterfaceOrientationPortrait UIInterfaceOrientationLandscapeLeft UIInterfaceOrientationLandscapeRight";
				IPHONEOS_DEPLOYMENT_TARGET = 18.2;
				LD_RUNPATH_SEARCH_PATHS = (
					"$(inherited)",
					"@executable_path/Frameworks",
				);
				LOCALIZATION_PREFERS_STRING_CATALOGS = YES;
				MARKETING_VERSION = 1.0;
				PRODUCT_BUNDLE_IDENTIFIER = com.stytch.StytchBiometrics;
				PRODUCT_NAME = "$(TARGET_NAME)";
				SDKROOT = iphoneos;
				SWIFT_ACTIVE_COMPILATION_CONDITIONS = "DEBUG $(inherited)";
				SWIFT_EMIT_LOC_STRINGS = YES;
				"SWIFT_OBJC_BRIDGING_HEADER[arch=*]" = "";
				SWIFT_VERSION = 5.0;
				TARGETED_DEVICE_FAMILY = "1,2";
			};
			name = Debug;
		};
		74BCCBCA2D2C2A8D001A1C0A /* Release */ = {
			isa = XCBuildConfiguration;
			buildSettings = {
				ASSETCATALOG_COMPILER_APPICON_NAME = AppIcon;
				ASSETCATALOG_COMPILER_GENERATE_SWIFT_ASSET_SYMBOL_EXTENSIONS = YES;
				ASSETCATALOG_COMPILER_GLOBAL_ACCENT_COLOR_NAME = AccentColor;
				CLANG_CXX_LANGUAGE_STANDARD = "gnu++20";
				CODE_SIGN_STYLE = Automatic;
				CURRENT_PROJECT_VERSION = 1;
				DEVELOPMENT_TEAM = 22B584A5Q6;
				ENABLE_USER_SCRIPT_SANDBOXING = YES;
				GCC_C_LANGUAGE_STANDARD = gnu17;
				GENERATE_INFOPLIST_FILE = YES;
				INFOPLIST_FILE = DemoApps/StytchBiometrics/Info.plist;
				INFOPLIST_KEY_UIApplicationSupportsIndirectInputEvents = YES;
				INFOPLIST_KEY_UILaunchStoryboardName = StytchBiometricsLaunchScreen.storyboard;
				INFOPLIST_KEY_UIMainStoryboardFile = Main;
				INFOPLIST_KEY_UISupportedInterfaceOrientations_iPad = "UIInterfaceOrientationPortrait UIInterfaceOrientationPortraitUpsideDown UIInterfaceOrientationLandscapeLeft UIInterfaceOrientationLandscapeRight";
				INFOPLIST_KEY_UISupportedInterfaceOrientations_iPhone = "UIInterfaceOrientationPortrait UIInterfaceOrientationLandscapeLeft UIInterfaceOrientationLandscapeRight";
				IPHONEOS_DEPLOYMENT_TARGET = 18.2;
				LD_RUNPATH_SEARCH_PATHS = (
					"$(inherited)",
					"@executable_path/Frameworks",
				);
				LOCALIZATION_PREFERS_STRING_CATALOGS = YES;
				MARKETING_VERSION = 1.0;
				PRODUCT_BUNDLE_IDENTIFIER = com.stytch.StytchBiometrics;
				PRODUCT_NAME = "$(TARGET_NAME)";
				SDKROOT = iphoneos;
				SWIFT_EMIT_LOC_STRINGS = YES;
				"SWIFT_OBJC_BRIDGING_HEADER[arch=*]" = "";
				SWIFT_VERSION = 5.0;
				TARGETED_DEVICE_FAMILY = "1,2";
				VALIDATE_PRODUCT = YES;
			};
			name = Release;
		};
/* End XCBuildConfiguration section */

/* Begin XCConfigurationList section */
		22315329299EE16E00BA9126 /* Build configuration list for PBXNativeTarget "B2BWorkbench" */ = {
			isa = XCConfigurationList;
			buildConfigurations = (
				2231532A299EE16E00BA9126 /* Debug */,
				2231532B299EE16E00BA9126 /* Release */,
			);
			defaultConfigurationIsVisible = 0;
			defaultConfigurationName = Release;
		};
		229B820F2809EA3E007BC3F1 /* Build configuration list for PBXProject "Stytch" */ = {
			isa = XCConfigurationList;
			buildConfigurations = (
				229B82272809EA3F007BC3F1 /* Debug */,
				229B82282809EA3F007BC3F1 /* Release */,
			);
			defaultConfigurationIsVisible = 0;
			defaultConfigurationName = Release;
		};
		229B82292809EA3F007BC3F1 /* Build configuration list for PBXNativeTarget "ConsumerWorkbench" */ = {
			isa = XCConfigurationList;
			buildConfigurations = (
				229B822A2809EA3F007BC3F1 /* Debug */,
				229B822B2809EA3F007BC3F1 /* Release */,
			);
			defaultConfigurationIsVisible = 0;
			defaultConfigurationName = Release;
		};
		53E128492B50092F00976CAC /* Build configuration list for PBXNativeTarget "StytchUIDemo" */ = {
			isa = XCConfigurationList;
			buildConfigurations = (
				53E128432B50092F00976CAC /* Debug */,
				53E128442B50092F00976CAC /* Release */,
			);
			defaultConfigurationIsVisible = 0;
			defaultConfigurationName = Release;
		};
		53E1284B2B50092F00976CAC /* Build configuration list for PBXNativeTarget "StytchUITests" */ = {
			isa = XCConfigurationList;
			buildConfigurations = (
				53E128472B50092F00976CAC /* Debug */,
				53E128482B50092F00976CAC /* Release */,
			);
			defaultConfigurationIsVisible = 0;
			defaultConfigurationName = Release;
		};
		7418270D2CF0D8A600A475CB /* Build configuration list for PBXNativeTarget "StytchB2BUIDemo" */ = {
			isa = XCConfigurationList;
			buildConfigurations = (
				7418270B2CF0D8A600A475CB /* Debug */,
				7418270C2CF0D8A600A475CB /* Release */,
			);
			defaultConfigurationIsVisible = 0;
			defaultConfigurationName = Release;
		};
		745BAB702C88C27700771497 /* Build configuration list for PBXNativeTarget "StytchDemo" */ = {
			isa = XCConfigurationList;
			buildConfigurations = (
				745BAB712C88C27700771497 /* Debug */,
				745BAB722C88C27700771497 /* Release */,
			);
			defaultConfigurationIsVisible = 0;
			defaultConfigurationName = Release;
		};
		74BCCBCC2D2C2A8D001A1C0A /* Build configuration list for PBXNativeTarget "StytchBiometrics" */ = {
			isa = XCConfigurationList;
			buildConfigurations = (
				74BCCBC92D2C2A8D001A1C0A /* Debug */,
				74BCCBCA2D2C2A8D001A1C0A /* Release */,
			);
			defaultConfigurationIsVisible = 0;
			defaultConfigurationName = Release;
		};
/* End XCConfigurationList section */

/* Begin XCRemoteSwiftPackageReference section */
		74234D4F2C21EB6D0001DA69 /* XCRemoteSwiftPackageReference "SwiftOTP" */ = {
			isa = XCRemoteSwiftPackageReference;
			repositoryURL = "https://github.com/lachlanbell/SwiftOTP.git";
			requirement = {
				kind = upToNextMajorVersion;
				minimumVersion = 3.0.2;
			};
		};
		749E98562CC0AAA8002F21AC /* XCRemoteSwiftPackageReference "SwiftyJSON" */ = {
			isa = XCRemoteSwiftPackageReference;
			repositoryURL = "https://github.com/SwiftyJSON/SwiftyJSON.git";
			requirement = {
				kind = upToNextMajorVersion;
				minimumVersion = 5.0.2;
			};
		};
		77AC9C5E2AA0FCCD004059CF /* XCRemoteSwiftPackageReference "recaptcha-enterprise-mobile-sdk" */ = {
			isa = XCRemoteSwiftPackageReference;
			repositoryURL = "https://github.com/GoogleCloudPlatform/recaptcha-enterprise-mobile-sdk";
			requirement = {
				kind = upToNextMajorVersion;
				minimumVersion = 18.0.0;
			};
		};
/* End XCRemoteSwiftPackageReference section */

/* Begin XCSwiftPackageProductDependency section */
		2231532C299EE5E700BA9126 /* StytchCore */ = {
			isa = XCSwiftPackageProductDependency;
			productName = StytchCore;
		};
		226375C5280CBAE0000CDD49 /* StytchCore */ = {
			isa = XCSwiftPackageProductDependency;
			productName = StytchCore;
		};
		22B978042A1C4EE6000A35BC /* StytchUI */ = {
			isa = XCSwiftPackageProductDependency;
			productName = StytchUI;
		};
		22E434612809EF2F00FB45F0 /* StytchCore */ = {
			isa = XCSwiftPackageProductDependency;
			productName = StytchCore;
		};
		5354B59F2B507F1500B3081C /* StytchUI */ = {
			isa = XCSwiftPackageProductDependency;
			productName = StytchUI;
		};
		74234D502C21EB770001DA69 /* SwiftOTP */ = {
			isa = XCSwiftPackageProductDependency;
			package = 74234D4F2C21EB6D0001DA69 /* XCRemoteSwiftPackageReference "SwiftOTP" */;
			productName = SwiftOTP;
		};
		7447F58C2CF108E90006F181 /* StytchUI */ = {
			isa = XCSwiftPackageProductDependency;
			productName = StytchUI;
		};
		745BAB782C88C96800771497 /* StytchCore */ = {
			isa = XCSwiftPackageProductDependency;
			productName = StytchCore;
		};
		7462DACA2D0236F100329553 /* StytchUI */ = {
			isa = XCSwiftPackageProductDependency;
			productName = StytchUI;
		};
		74BCCBDE2D2C2DE7001A1C0A /* StytchCore */ = {
			isa = XCSwiftPackageProductDependency;
			productName = StytchCore;
		};
/* End XCSwiftPackageProductDependency section */
	};
	rootObject = 229B820C2809EA3E007BC3F1 /* Project object */;
}
