// !$*UTF8*$!
{
	archiveVersion = 1;
	classes = {
	};
	objectVersion = 55;
	objects = {

/* Begin PBXBuildFile section */
		2222D14128306426008CEBD7 /* OTPAuthenticationView.swift in Sources */ = {isa = PBXBuildFile; fileRef = 2222D14028306426008CEBD7 /* OTPAuthenticationView.swift */; };
		2222D14228306426008CEBD7 /* OTPAuthenticationView.swift in Sources */ = {isa = PBXBuildFile; fileRef = 2222D14028306426008CEBD7 /* OTPAuthenticationView.swift */; };
		2222D1442835C341008CEBD7 /* StytchConfiguration.plist in Resources */ = {isa = PBXBuildFile; fileRef = 2222D1432835C341008CEBD7 /* StytchConfiguration.plist */; };
		2222D1452835CBAA008CEBD7 /* StytchConfiguration.plist in Resources */ = {isa = PBXBuildFile; fileRef = 2222D1432835C341008CEBD7 /* StytchConfiguration.plist */; };
		2231531B299EE16D00BA9126 /* AppDelegate.swift in Sources */ = {isa = PBXBuildFile; fileRef = 2231531A299EE16D00BA9126 /* AppDelegate.swift */; };
		2231531D299EE16D00BA9126 /* SceneDelegate.swift in Sources */ = {isa = PBXBuildFile; fileRef = 2231531C299EE16D00BA9126 /* SceneDelegate.swift */; };
		2231531F299EE16D00BA9126 /* RootViewController.swift in Sources */ = {isa = PBXBuildFile; fileRef = 2231531E299EE16D00BA9126 /* RootViewController.swift */; };
		22315322299EE16D00BA9126 /* Main.storyboard in Resources */ = {isa = PBXBuildFile; fileRef = 22315320299EE16D00BA9126 /* Main.storyboard */; };
		22315324299EE16E00BA9126 /* Assets.xcassets in Resources */ = {isa = PBXBuildFile; fileRef = 22315323299EE16E00BA9126 /* Assets.xcassets */; };
		22315327299EE16E00BA9126 /* LaunchScreen.storyboard in Resources */ = {isa = PBXBuildFile; fileRef = 22315325299EE16E00BA9126 /* LaunchScreen.storyboard */; };
		2231532D299EE5E700BA9126 /* StytchCore in Frameworks */ = {isa = PBXBuildFile; productRef = 2231532C299EE5E700BA9126 /* StytchCore */; };
		223F88B6289249C700CE2B0C /* PasswordAuthenticationView.swift in Sources */ = {isa = PBXBuildFile; fileRef = 223F88B5289249C700CE2B0C /* PasswordAuthenticationView.swift */; };
		223F88B7289249C700CE2B0C /* PasswordAuthenticationView.swift in Sources */ = {isa = PBXBuildFile; fileRef = 223F88B5289249C700CE2B0C /* PasswordAuthenticationView.swift */; };
		223F88B92894D05000CE2B0C /* ResetPasswordView.swift in Sources */ = {isa = PBXBuildFile; fileRef = 223F88B82894D05000CE2B0C /* ResetPasswordView.swift */; };
		223F88BA2894D05000CE2B0C /* ResetPasswordView.swift in Sources */ = {isa = PBXBuildFile; fileRef = 223F88B82894D05000CE2B0C /* ResetPasswordView.swift */; };
		223F88BD2894D09400CE2B0C /* PasswordFeedbackView.swift in Sources */ = {isa = PBXBuildFile; fileRef = 223F88BC2894D09400CE2B0C /* PasswordFeedbackView.swift */; };
		223F88BE2894D09400CE2B0C /* PasswordFeedbackView.swift in Sources */ = {isa = PBXBuildFile; fileRef = 223F88BC2894D09400CE2B0C /* PasswordFeedbackView.swift */; };
		223F88C02894D0D500CE2B0C /* PasswordView.swift in Sources */ = {isa = PBXBuildFile; fileRef = 223F88BF2894D0D500CE2B0C /* PasswordView.swift */; };
		223F88C12894D0D500CE2B0C /* PasswordView.swift in Sources */ = {isa = PBXBuildFile; fileRef = 223F88BF2894D0D500CE2B0C /* PasswordView.swift */; };
		223F88C32894D0F500CE2B0C /* PasswordModel.swift in Sources */ = {isa = PBXBuildFile; fileRef = 223F88C22894D0F500CE2B0C /* PasswordModel.swift */; };
		223F88C42894D0F500CE2B0C /* PasswordModel.swift in Sources */ = {isa = PBXBuildFile; fileRef = 223F88C22894D0F500CE2B0C /* PasswordModel.swift */; };
		224F7D3D280CC5DE000230FA /* Assets.xcassets in Resources */ = {isa = PBXBuildFile; fileRef = 224F7D3B280CC5DE000230FA /* Assets.xcassets */; };
		224F7D3E280CC5DE000230FA /* Assets.xcassets in Resources */ = {isa = PBXBuildFile; fileRef = 224F7D3B280CC5DE000230FA /* Assets.xcassets */; };
		224F7D3F280CC5DE000230FA /* ContentView.swift in Sources */ = {isa = PBXBuildFile; fileRef = 224F7D3C280CC5DE000230FA /* ContentView.swift */; };
		224F7D40280CC5DE000230FA /* ContentView.swift in Sources */ = {isa = PBXBuildFile; fileRef = 224F7D3C280CC5DE000230FA /* ContentView.swift */; };
		224F7D41280CC5F6000230FA /* StytchDemoApp.swift in Sources */ = {isa = PBXBuildFile; fileRef = 224F7D35280CC566000230FA /* StytchDemoApp.swift */; };
		224F7D46280CEC46000230FA /* StytchDemoApp.swift in Sources */ = {isa = PBXBuildFile; fileRef = 224F7D35280CC566000230FA /* StytchDemoApp.swift */; };
		224F7D48280CEC58000230FA /* StytchCore in Frameworks */ = {isa = PBXBuildFile; productRef = 224F7D47280CEC58000230FA /* StytchCore */; };
		224F7D4A280CEDD0000230FA /* EmailAuthenticationView.swift in Sources */ = {isa = PBXBuildFile; fileRef = 224F7D49280CEDD0000230FA /* EmailAuthenticationView.swift */; };
		224F7D4B280CEDD0000230FA /* EmailAuthenticationView.swift in Sources */ = {isa = PBXBuildFile; fileRef = 224F7D49280CEDD0000230FA /* EmailAuthenticationView.swift */; };
		224F7D4D280CEDF5000230FA /* SessionView.swift in Sources */ = {isa = PBXBuildFile; fileRef = 224F7D4C280CEDF5000230FA /* SessionView.swift */; };
		224F7D4E280CEDF5000230FA /* SessionView.swift in Sources */ = {isa = PBXBuildFile; fileRef = 224F7D4C280CEDF5000230FA /* SessionView.swift */; };
		224FC03628486013009C9740 /* Swifter in Frameworks */ = {isa = PBXBuildFile; productRef = 224FC03528486013009C9740 /* Swifter */; };
		224FC03A28488591009C9740 /* Configuration.swift in Sources */ = {isa = PBXBuildFile; fileRef = 224FC03928488591009C9740 /* Configuration.swift */; };
		2254779029A05C0C003DF229 /* AppViewController.swift in Sources */ = {isa = PBXBuildFile; fileRef = 2254778F29A05C0C003DF229 /* AppViewController.swift */; };
		2254779229A05C3E003DF229 /* AuthHomeViewController.swift in Sources */ = {isa = PBXBuildFile; fileRef = 2254779129A05C3E003DF229 /* AuthHomeViewController.swift */; };
		2254779429A05C6A003DF229 /* MagicLinksViewController.swift in Sources */ = {isa = PBXBuildFile; fileRef = 2254779329A05C6A003DF229 /* MagicLinksViewController.swift */; };
		2254779629A05C93003DF229 /* Constants.swift in Sources */ = {isa = PBXBuildFile; fileRef = 2254779529A05C93003DF229 /* Constants.swift */; };
		2254779829A05D08003DF229 /* MemberViewController.swift in Sources */ = {isa = PBXBuildFile; fileRef = 2254779729A05D08003DF229 /* MemberViewController.swift */; };
		2254779A29A05D37003DF229 /* OrganizationViewController.swift in Sources */ = {isa = PBXBuildFile; fileRef = 2254779929A05D37003DF229 /* OrganizationViewController.swift */; };
		2254779C29A05D4E003DF229 /* SessionsViewController.swift in Sources */ = {isa = PBXBuildFile; fileRef = 2254779B29A05D4E003DF229 /* SessionsViewController.swift */; };
		226375C6280CBAE0000CDD49 /* StytchCore in Frameworks */ = {isa = PBXBuildFile; productRef = 226375C5280CBAE0000CDD49 /* StytchCore */; };
		2266CF2728FA0B32005EFFC6 /* PasskeysAuthenticationView.swift in Sources */ = {isa = PBXBuildFile; fileRef = 2266CF2628FA0B32005EFFC6 /* PasskeysAuthenticationView.swift */; };
		2266CF2828FA0B32005EFFC6 /* PasskeysAuthenticationView.swift in Sources */ = {isa = PBXBuildFile; fileRef = 2266CF2628FA0B32005EFFC6 /* PasskeysAuthenticationView.swift */; };
		22909077284BE7FC00ADD3C4 /* JWTKit in Frameworks */ = {isa = PBXBuildFile; productRef = 22909076284BE7FC00ADD3C4 /* JWTKit */; };
		22909079284D9F4600ADD3C4 /* Extensions.swift in Sources */ = {isa = PBXBuildFile; fileRef = 22909078284D9F4600ADD3C4 /* Extensions.swift */; };
		2290907A284D9F4600ADD3C4 /* Extensions.swift in Sources */ = {isa = PBXBuildFile; fileRef = 22909078284D9F4600ADD3C4 /* Extensions.swift */; };
		2290907C284D9F7000ADD3C4 /* AuthenticationOptionsView.swift in Sources */ = {isa = PBXBuildFile; fileRef = 2290907B284D9F7000ADD3C4 /* AuthenticationOptionsView.swift */; };
		2290907D284D9F7000ADD3C4 /* AuthenticationOptionsView.swift in Sources */ = {isa = PBXBuildFile; fileRef = 2290907B284D9F7000ADD3C4 /* AuthenticationOptionsView.swift */; };
		22909085284DB77B00ADD3C4 /* FileBackedStorage.swift in Sources */ = {isa = PBXBuildFile; fileRef = 22909082284DB76B00ADD3C4 /* FileBackedStorage.swift */; };
		22909087284DBBB800ADD3C4 /* InMemoryStorage.swift in Sources */ = {isa = PBXBuildFile; fileRef = 22909086284DBBB800ADD3C4 /* InMemoryStorage.swift */; };
		22909089284DBC1A00ADD3C4 /* JWT.swift in Sources */ = {isa = PBXBuildFile; fileRef = 22909088284DBC1900ADD3C4 /* JWT.swift */; };
		2290908D284DC30D00ADD3C4 /* AuthController.swift in Sources */ = {isa = PBXBuildFile; fileRef = 2290908C284DC30D00ADD3C4 /* AuthController.swift */; };
		2290908F284DC35900ADD3C4 /* HobbiesController.swift in Sources */ = {isa = PBXBuildFile; fileRef = 2290908E284DC35900ADD3C4 /* HobbiesController.swift */; };
		22909091284DC5DE00ADD3C4 /* HttpRequest+Stytch.swift in Sources */ = {isa = PBXBuildFile; fileRef = 22909090284DC5DE00ADD3C4 /* HttpRequest+Stytch.swift */; };
		22909093284DCC8E00ADD3C4 /* Controller.swift in Sources */ = {isa = PBXBuildFile; fileRef = 22909092284DCC8E00ADD3C4 /* Controller.swift */; };
		22909095284DD5EE00ADD3C4 /* HobbiesView.swift in Sources */ = {isa = PBXBuildFile; fileRef = 22909094284DD5EE00ADD3C4 /* HobbiesView.swift */; };
		22909096284DD64000ADD3C4 /* HobbiesView.swift in Sources */ = {isa = PBXBuildFile; fileRef = 22909094284DD5EE00ADD3C4 /* HobbiesView.swift */; };
		22B523B4296CDF09009FFC18 /* TOTPAuthenticationView.swift in Sources */ = {isa = PBXBuildFile; fileRef = 22B523B3296CDF09009FFC18 /* TOTPAuthenticationView.swift */; };
		22B523B5296CDF09009FFC18 /* TOTPAuthenticationView.swift in Sources */ = {isa = PBXBuildFile; fileRef = 22B523B3296CDF09009FFC18 /* TOTPAuthenticationView.swift */; };
		22BE9A082848071B00E29245 /* Routes.swift in Sources */ = {isa = PBXBuildFile; fileRef = 22BE9A072848071B00E29245 /* Routes.swift */; };
		22BE9A1228481EFE00E29245 /* ServerRunner.swift in Sources */ = {isa = PBXBuildFile; fileRef = 22BE9A1128481EFE00E29245 /* ServerRunner.swift */; };
		22E2E06128ECF6AD00327719 /* OAuthAuthenticationView.swift in Sources */ = {isa = PBXBuildFile; fileRef = 22E2E06028ECF6AD00327719 /* OAuthAuthenticationView.swift */; };
		22E2E06228ECF6AD00327719 /* OAuthAuthenticationView.swift in Sources */ = {isa = PBXBuildFile; fileRef = 22E2E06028ECF6AD00327719 /* OAuthAuthenticationView.swift */; };
/* End PBXBuildFile section */

/* Begin PBXFileReference section */
		2222D14028306426008CEBD7 /* OTPAuthenticationView.swift */ = {isa = PBXFileReference; lastKnownFileType = sourcecode.swift; path = OTPAuthenticationView.swift; sourceTree = "<group>"; };
		2222D1432835C341008CEBD7 /* StytchConfiguration.plist */ = {isa = PBXFileReference; lastKnownFileType = text.plist.xml; path = StytchConfiguration.plist; sourceTree = "<group>"; };
		22315318299EE16D00BA9126 /* B2BWorkbench.app */ = {isa = PBXFileReference; explicitFileType = wrapper.application; includeInIndex = 0; path = B2BWorkbench.app; sourceTree = BUILT_PRODUCTS_DIR; };
		2231531A299EE16D00BA9126 /* AppDelegate.swift */ = {isa = PBXFileReference; lastKnownFileType = sourcecode.swift; path = AppDelegate.swift; sourceTree = "<group>"; };
		2231531C299EE16D00BA9126 /* SceneDelegate.swift */ = {isa = PBXFileReference; lastKnownFileType = sourcecode.swift; path = SceneDelegate.swift; sourceTree = "<group>"; };
		2231531E299EE16D00BA9126 /* RootViewController.swift */ = {isa = PBXFileReference; lastKnownFileType = sourcecode.swift; path = RootViewController.swift; sourceTree = "<group>"; };
		22315321299EE16D00BA9126 /* Base */ = {isa = PBXFileReference; lastKnownFileType = file.storyboard; name = Base; path = Base.lproj/Main.storyboard; sourceTree = "<group>"; };
		22315323299EE16E00BA9126 /* Assets.xcassets */ = {isa = PBXFileReference; lastKnownFileType = folder.assetcatalog; path = Assets.xcassets; sourceTree = "<group>"; };
		22315326299EE16E00BA9126 /* Base */ = {isa = PBXFileReference; lastKnownFileType = file.storyboard; name = Base; path = Base.lproj/LaunchScreen.storyboard; sourceTree = "<group>"; };
		22315328299EE16E00BA9126 /* Info.plist */ = {isa = PBXFileReference; lastKnownFileType = text.plist.xml; path = Info.plist; sourceTree = "<group>"; };
		223F88B5289249C700CE2B0C /* PasswordAuthenticationView.swift */ = {isa = PBXFileReference; lastKnownFileType = sourcecode.swift; path = PasswordAuthenticationView.swift; sourceTree = "<group>"; };
		223F88B82894D05000CE2B0C /* ResetPasswordView.swift */ = {isa = PBXFileReference; lastKnownFileType = sourcecode.swift; path = ResetPasswordView.swift; sourceTree = "<group>"; };
		223F88BC2894D09400CE2B0C /* PasswordFeedbackView.swift */ = {isa = PBXFileReference; lastKnownFileType = sourcecode.swift; path = PasswordFeedbackView.swift; sourceTree = "<group>"; };
		223F88BF2894D0D500CE2B0C /* PasswordView.swift */ = {isa = PBXFileReference; lastKnownFileType = sourcecode.swift; path = PasswordView.swift; sourceTree = "<group>"; };
		223F88C22894D0F500CE2B0C /* PasswordModel.swift */ = {isa = PBXFileReference; lastKnownFileType = sourcecode.swift; path = PasswordModel.swift; sourceTree = "<group>"; };
		224F7D35280CC566000230FA /* StytchDemoApp.swift */ = {isa = PBXFileReference; lastKnownFileType = sourcecode.swift; path = StytchDemoApp.swift; sourceTree = "<group>"; };
		224F7D3B280CC5DE000230FA /* Assets.xcassets */ = {isa = PBXFileReference; lastKnownFileType = folder.assetcatalog; path = Assets.xcassets; sourceTree = "<group>"; };
		224F7D3C280CC5DE000230FA /* ContentView.swift */ = {isa = PBXFileReference; fileEncoding = 4; lastKnownFileType = sourcecode.swift; path = ContentView.swift; sourceTree = "<group>"; };
		224F7D43280CC624000230FA /* macOS.entitlements */ = {isa = PBXFileReference; fileEncoding = 4; lastKnownFileType = text.plist.entitlements; path = macOS.entitlements; sourceTree = "<group>"; };
		224F7D45280CC63C000230FA /* Preview Assets.xcassets */ = {isa = PBXFileReference; lastKnownFileType = folder.assetcatalog; path = "Preview Assets.xcassets"; sourceTree = "<group>"; };
		224F7D49280CEDD0000230FA /* EmailAuthenticationView.swift */ = {isa = PBXFileReference; lastKnownFileType = sourcecode.swift; path = EmailAuthenticationView.swift; sourceTree = "<group>"; };
		224F7D4C280CEDF5000230FA /* SessionView.swift */ = {isa = PBXFileReference; lastKnownFileType = sourcecode.swift; path = SessionView.swift; sourceTree = "<group>"; };
		224F7D4F280CF491000230FA /* iOS.entitlements */ = {isa = PBXFileReference; lastKnownFileType = text.plist.entitlements; path = iOS.entitlements; sourceTree = "<group>"; };
		224F7D50280CF500000230FA /* Info.plist */ = {isa = PBXFileReference; lastKnownFileType = text.plist.xml; path = Info.plist; sourceTree = "<group>"; };
		224FC03928488591009C9740 /* Configuration.swift */ = {isa = PBXFileReference; lastKnownFileType = sourcecode.swift; path = Configuration.swift; sourceTree = "<group>"; };
		2254778F29A05C0C003DF229 /* AppViewController.swift */ = {isa = PBXFileReference; lastKnownFileType = sourcecode.swift; path = AppViewController.swift; sourceTree = "<group>"; };
		2254779129A05C3E003DF229 /* AuthHomeViewController.swift */ = {isa = PBXFileReference; lastKnownFileType = sourcecode.swift; path = AuthHomeViewController.swift; sourceTree = "<group>"; };
		2254779329A05C6A003DF229 /* MagicLinksViewController.swift */ = {isa = PBXFileReference; lastKnownFileType = sourcecode.swift; path = MagicLinksViewController.swift; sourceTree = "<group>"; };
		2254779529A05C93003DF229 /* Constants.swift */ = {isa = PBXFileReference; lastKnownFileType = sourcecode.swift; path = Constants.swift; sourceTree = "<group>"; };
		2254779729A05D08003DF229 /* MemberViewController.swift */ = {isa = PBXFileReference; lastKnownFileType = sourcecode.swift; path = MemberViewController.swift; sourceTree = "<group>"; };
		2254779929A05D37003DF229 /* OrganizationViewController.swift */ = {isa = PBXFileReference; lastKnownFileType = sourcecode.swift; path = OrganizationViewController.swift; sourceTree = "<group>"; };
		2254779B29A05D4E003DF229 /* SessionsViewController.swift */ = {isa = PBXFileReference; lastKnownFileType = sourcecode.swift; path = SessionsViewController.swift; sourceTree = "<group>"; };
		2266CF2628FA0B32005EFFC6 /* PasskeysAuthenticationView.swift */ = {isa = PBXFileReference; lastKnownFileType = sourcecode.swift; path = PasskeysAuthenticationView.swift; sourceTree = "<group>"; };
		22909078284D9F4600ADD3C4 /* Extensions.swift */ = {isa = PBXFileReference; lastKnownFileType = sourcecode.swift; path = Extensions.swift; sourceTree = "<group>"; };
		2290907B284D9F7000ADD3C4 /* AuthenticationOptionsView.swift */ = {isa = PBXFileReference; lastKnownFileType = sourcecode.swift; path = AuthenticationOptionsView.swift; sourceTree = "<group>"; };
		22909082284DB76B00ADD3C4 /* FileBackedStorage.swift */ = {isa = PBXFileReference; lastKnownFileType = sourcecode.swift; path = FileBackedStorage.swift; sourceTree = "<group>"; };
		22909086284DBBB800ADD3C4 /* InMemoryStorage.swift */ = {isa = PBXFileReference; lastKnownFileType = sourcecode.swift; path = InMemoryStorage.swift; sourceTree = "<group>"; };
		22909088284DBC1900ADD3C4 /* JWT.swift */ = {isa = PBXFileReference; lastKnownFileType = sourcecode.swift; path = JWT.swift; sourceTree = "<group>"; };
		2290908C284DC30D00ADD3C4 /* AuthController.swift */ = {isa = PBXFileReference; lastKnownFileType = sourcecode.swift; path = AuthController.swift; sourceTree = "<group>"; };
		2290908E284DC35900ADD3C4 /* HobbiesController.swift */ = {isa = PBXFileReference; lastKnownFileType = sourcecode.swift; path = HobbiesController.swift; sourceTree = "<group>"; };
		22909090284DC5DE00ADD3C4 /* HttpRequest+Stytch.swift */ = {isa = PBXFileReference; lastKnownFileType = sourcecode.swift; path = "HttpRequest+Stytch.swift"; sourceTree = "<group>"; };
		22909092284DCC8E00ADD3C4 /* Controller.swift */ = {isa = PBXFileReference; lastKnownFileType = sourcecode.swift; path = Controller.swift; sourceTree = "<group>"; };
		22909094284DD5EE00ADD3C4 /* HobbiesView.swift */ = {isa = PBXFileReference; lastKnownFileType = sourcecode.swift; path = HobbiesView.swift; sourceTree = "<group>"; };
		229B82182809EA3F007BC3F1 /* StytchDemo.app */ = {isa = PBXFileReference; explicitFileType = wrapper.application; includeInIndex = 0; path = StytchDemo.app; sourceTree = BUILT_PRODUCTS_DIR; };
		229B821E2809EA3F007BC3F1 /* StytchDemo.app */ = {isa = PBXFileReference; explicitFileType = wrapper.application; includeInIndex = 0; path = StytchDemo.app; sourceTree = BUILT_PRODUCTS_DIR; };
		22B523B3296CDF09009FFC18 /* TOTPAuthenticationView.swift */ = {isa = PBXFileReference; lastKnownFileType = sourcecode.swift; path = TOTPAuthenticationView.swift; sourceTree = "<group>"; };
		22BE99FD2847FFA300E29245 /* StytchDemo (Server) */ = {isa = PBXFileReference; explicitFileType = "compiled.mach-o.executable"; includeInIndex = 0; path = "StytchDemo (Server)"; sourceTree = BUILT_PRODUCTS_DIR; };
		22BE9A072848071B00E29245 /* Routes.swift */ = {isa = PBXFileReference; lastKnownFileType = sourcecode.swift; path = Routes.swift; sourceTree = "<group>"; };
		22BE9A1128481EFE00E29245 /* ServerRunner.swift */ = {isa = PBXFileReference; lastKnownFileType = sourcecode.swift; path = ServerRunner.swift; sourceTree = "<group>"; };
		22D4F3CF2857DE26001FA1EC /* README.md */ = {isa = PBXFileReference; lastKnownFileType = net.daringfireball.markdown; path = README.md; sourceTree = "<group>"; };
		22E2E06028ECF6AD00327719 /* OAuthAuthenticationView.swift */ = {isa = PBXFileReference; lastKnownFileType = sourcecode.swift; path = OAuthAuthenticationView.swift; sourceTree = "<group>"; };
		22E4346A280A133900FB45F0 /* StytchPlayground.playground */ = {isa = PBXFileReference; lastKnownFileType = file.playground; name = StytchPlayground.playground; path = ../StytchPlayground.playground; sourceTree = "<group>"; xcLanguageSpecificationIdentifier = xcode.lang.swift; };
		22E4346D280A174100FB45F0 /* Stytch */ = {isa = PBXFileReference; lastKnownFileType = wrapper; name = Stytch; path = ..; sourceTree = "<group>"; };
/* End PBXFileReference section */

/* Begin PBXFrameworksBuildPhase section */
		22315315299EE16D00BA9126 /* Frameworks */ = {
			isa = PBXFrameworksBuildPhase;
			buildActionMask = 2147483647;
			files = (
				2231532D299EE5E700BA9126 /* StytchCore in Frameworks */,
			);
			runOnlyForDeploymentPostprocessing = 0;
		};
		229B82152809EA3F007BC3F1 /* Frameworks */ = {
			isa = PBXFrameworksBuildPhase;
			buildActionMask = 2147483647;
			files = (
				226375C6280CBAE0000CDD49 /* StytchCore in Frameworks */,
			);
			runOnlyForDeploymentPostprocessing = 0;
		};
		229B821B2809EA3F007BC3F1 /* Frameworks */ = {
			isa = PBXFrameworksBuildPhase;
			buildActionMask = 2147483647;
			files = (
				224F7D48280CEC58000230FA /* StytchCore in Frameworks */,
			);
			runOnlyForDeploymentPostprocessing = 0;
		};
		22BE99FA2847FFA300E29245 /* Frameworks */ = {
			isa = PBXFrameworksBuildPhase;
			buildActionMask = 2147483647;
			files = (
				224FC03628486013009C9740 /* Swifter in Frameworks */,
				22909077284BE7FC00ADD3C4 /* JWTKit in Frameworks */,
			);
			runOnlyForDeploymentPostprocessing = 0;
		};
/* End PBXFrameworksBuildPhase section */

/* Begin PBXGroup section */
		22315319299EE16D00BA9126 /* B2BWorkbench */ = {
			isa = PBXGroup;
			children = (
				2231531A299EE16D00BA9126 /* AppDelegate.swift */,
				2231531C299EE16D00BA9126 /* SceneDelegate.swift */,
				2254778F29A05C0C003DF229 /* AppViewController.swift */,
				2231531E299EE16D00BA9126 /* RootViewController.swift */,
				2254779129A05C3E003DF229 /* AuthHomeViewController.swift */,
				2254779D29A06EBB003DF229 /* AuthMethodControllers */,
				2254779529A05C93003DF229 /* Constants.swift */,
				22315320299EE16D00BA9126 /* Main.storyboard */,
				22315323299EE16E00BA9126 /* Assets.xcassets */,
				22315325299EE16E00BA9126 /* LaunchScreen.storyboard */,
				22315328299EE16E00BA9126 /* Info.plist */,
			);
			path = B2BWorkbench;
			sourceTree = "<group>";
		};
		223F88BB2894D08500CE2B0C /* Passwords */ = {
			isa = PBXGroup;
			children = (
				223F88B5289249C700CE2B0C /* PasswordAuthenticationView.swift */,
				223F88BF2894D0D500CE2B0C /* PasswordView.swift */,
				223F88B82894D05000CE2B0C /* ResetPasswordView.swift */,
				223F88BC2894D09400CE2B0C /* PasswordFeedbackView.swift */,
				223F88C22894D0F500CE2B0C /* PasswordModel.swift */,
			);
			path = Passwords;
			sourceTree = "<group>";
		};
		224F7D3A280CC5DE000230FA /* Shared */ = {
			isa = PBXGroup;
			children = (
				224F7D50280CF500000230FA /* Info.plist */,
				2222D1432835C341008CEBD7 /* StytchConfiguration.plist */,
				224F7D35280CC566000230FA /* StytchDemoApp.swift */,
				22909078284D9F4600ADD3C4 /* Extensions.swift */,
				224F7D3C280CC5DE000230FA /* ContentView.swift */,
				2290907B284D9F7000ADD3C4 /* AuthenticationOptionsView.swift */,
				2266CF2628FA0B32005EFFC6 /* PasskeysAuthenticationView.swift */,
				22E2E06028ECF6AD00327719 /* OAuthAuthenticationView.swift */,
				22909094284DD5EE00ADD3C4 /* HobbiesView.swift */,
				224F7D49280CEDD0000230FA /* EmailAuthenticationView.swift */,
				223F88BB2894D08500CE2B0C /* Passwords */,
				2222D14028306426008CEBD7 /* OTPAuthenticationView.swift */,
				22B523B3296CDF09009FFC18 /* TOTPAuthenticationView.swift */,
				224F7D4C280CEDF5000230FA /* SessionView.swift */,
				224F7D3B280CC5DE000230FA /* Assets.xcassets */,
			);
			path = Shared;
			sourceTree = "<group>";
		};
		224F7D42280CC624000230FA /* macOS */ = {
			isa = PBXGroup;
			children = (
				224F7D43280CC624000230FA /* macOS.entitlements */,
			);
			path = macOS;
			sourceTree = "<group>";
		};
		224F7D44280CC63C000230FA /* Preview Content */ = {
			isa = PBXGroup;
			children = (
				224F7D45280CC63C000230FA /* Preview Assets.xcassets */,
			);
			path = "Preview Content";
			sourceTree = "<group>";
		};
		224F7D51280CF592000230FA /* iOS */ = {
			isa = PBXGroup;
			children = (
				224F7D4F280CF491000230FA /* iOS.entitlements */,
			);
			path = iOS;
			sourceTree = "<group>";
		};
		2254779D29A06EBB003DF229 /* AuthMethodControllers */ = {
			isa = PBXGroup;
			children = (
				2254779329A05C6A003DF229 /* MagicLinksViewController.swift */,
				2254779B29A05D4E003DF229 /* SessionsViewController.swift */,
				2254779729A05D08003DF229 /* MemberViewController.swift */,
				2254779929A05D37003DF229 /* OrganizationViewController.swift */,
			);
			path = AuthMethodControllers;
			sourceTree = "<group>";
		};
		2290908A284DC2E600ADD3C4 /* Controllers */ = {
			isa = PBXGroup;
			children = (
				2290908E284DC35900ADD3C4 /* HobbiesController.swift */,
				2290908C284DC30D00ADD3C4 /* AuthController.swift */,
				22909092284DCC8E00ADD3C4 /* Controller.swift */,
			);
			path = Controllers;
			sourceTree = "<group>";
		};
		2290908B284DC2F300ADD3C4 /* Storage */ = {
			isa = PBXGroup;
			children = (
				22909086284DBBB800ADD3C4 /* InMemoryStorage.swift */,
				22909082284DB76B00ADD3C4 /* FileBackedStorage.swift */,
			);
			path = Storage;
			sourceTree = "<group>";
		};
		229B820B2809EA3E007BC3F1 = {
			isa = PBXGroup;
			children = (
				22D4F3CF2857DE26001FA1EC /* README.md */,
				22E4346D280A174100FB45F0 /* Stytch */,
				22BE99F82847FDC800E29245 /* Client */,
				22E4346A280A133900FB45F0 /* StytchPlayground.playground */,
				22BE99FE2847FFA300E29245 /* Server */,
				22315319299EE16D00BA9126 /* B2BWorkbench */,
				229B82192809EA3F007BC3F1 /* Products */,
				22E4345E2809EF2200FB45F0 /* Frameworks */,
			);
			sourceTree = "<group>";
		};
		229B82192809EA3F007BC3F1 /* Products */ = {
			isa = PBXGroup;
			children = (
				229B82182809EA3F007BC3F1 /* StytchDemo.app */,
				229B821E2809EA3F007BC3F1 /* StytchDemo.app */,
				22BE99FD2847FFA300E29245 /* StytchDemo (Server) */,
				22315318299EE16D00BA9126 /* B2BWorkbench.app */,
			);
			name = Products;
			sourceTree = "<group>";
		};
		22BE99F82847FDC800E29245 /* Client */ = {
			isa = PBXGroup;
			children = (
				224F7D44280CC63C000230FA /* Preview Content */,
				224F7D42280CC624000230FA /* macOS */,
				224F7D51280CF592000230FA /* iOS */,
				224F7D3A280CC5DE000230FA /* Shared */,
			);
			path = Client;
			sourceTree = "<group>";
		};
		22BE99FE2847FFA300E29245 /* Server */ = {
			isa = PBXGroup;
			children = (
				22BE9A072848071B00E29245 /* Routes.swift */,
				224FC03928488591009C9740 /* Configuration.swift */,
				22BE9A1128481EFE00E29245 /* ServerRunner.swift */,
				2290908B284DC2F300ADD3C4 /* Storage */,
				2290908A284DC2E600ADD3C4 /* Controllers */,
				22909088284DBC1900ADD3C4 /* JWT.swift */,
				22909090284DC5DE00ADD3C4 /* HttpRequest+Stytch.swift */,
			);
			path = Server;
			sourceTree = "<group>";
		};
		22E4345E2809EF2200FB45F0 /* Frameworks */ = {
			isa = PBXGroup;
			children = (
			);
			name = Frameworks;
			sourceTree = "<group>";
		};
/* End PBXGroup section */

/* Begin PBXNativeTarget section */
		22315317299EE16D00BA9126 /* B2BWorkbench */ = {
			isa = PBXNativeTarget;
			buildConfigurationList = 22315329299EE16E00BA9126 /* Build configuration list for PBXNativeTarget "B2BWorkbench" */;
			buildPhases = (
				22315314299EE16D00BA9126 /* Sources */,
				22315315299EE16D00BA9126 /* Frameworks */,
				22315316299EE16D00BA9126 /* Resources */,
			);
			buildRules = (
			);
			dependencies = (
			);
			name = B2BWorkbench;
			packageProductDependencies = (
				2231532C299EE5E700BA9126 /* StytchCore */,
			);
			productName = B2BWorkbench;
			productReference = 22315318299EE16D00BA9126 /* B2BWorkbench.app */;
			productType = "com.apple.product-type.application";
		};
		229B82172809EA3F007BC3F1 /* StytchDemo (iOS) */ = {
			isa = PBXNativeTarget;
			buildConfigurationList = 229B82292809EA3F007BC3F1 /* Build configuration list for PBXNativeTarget "StytchDemo (iOS)" */;
			buildPhases = (
				229B82142809EA3F007BC3F1 /* Sources */,
				229B82152809EA3F007BC3F1 /* Frameworks */,
				229B82162809EA3F007BC3F1 /* Resources */,
			);
			buildRules = (
			);
			dependencies = (
				22E434622809EF2F00FB45F0 /* PBXTargetDependency */,
			);
			name = "StytchDemo (iOS)";
			packageProductDependencies = (
				226375C5280CBAE0000CDD49 /* StytchCore */,
			);
			productName = "Stytch (iOS)";
			productReference = 229B82182809EA3F007BC3F1 /* StytchDemo.app */;
			productType = "com.apple.product-type.application";
		};
		229B821D2809EA3F007BC3F1 /* StytchDemo (macOS) */ = {
			isa = PBXNativeTarget;
			buildConfigurationList = 229B822C2809EA3F007BC3F1 /* Build configuration list for PBXNativeTarget "StytchDemo (macOS)" */;
			buildPhases = (
				229B821A2809EA3F007BC3F1 /* Sources */,
				229B821B2809EA3F007BC3F1 /* Frameworks */,
				229B821C2809EA3F007BC3F1 /* Resources */,
			);
			buildRules = (
			);
			dependencies = (
			);
			name = "StytchDemo (macOS)";
			packageProductDependencies = (
				224F7D47280CEC58000230FA /* StytchCore */,
			);
			productName = "Stytch (macOS)";
			productReference = 229B821E2809EA3F007BC3F1 /* StytchDemo.app */;
			productType = "com.apple.product-type.application";
		};
		22BE99FC2847FFA300E29245 /* StytchDemo (Server) */ = {
			isa = PBXNativeTarget;
			buildConfigurationList = 22BE9A012847FFA300E29245 /* Build configuration list for PBXNativeTarget "StytchDemo (Server)" */;
			buildPhases = (
				22BE99F92847FFA300E29245 /* Sources */,
				22BE99FA2847FFA300E29245 /* Frameworks */,
			);
			buildRules = (
			);
			dependencies = (
			);
			name = "StytchDemo (Server)";
			packageProductDependencies = (
				224FC03528486013009C9740 /* Swifter */,
				22909076284BE7FC00ADD3C4 /* JWTKit */,
			);
			productName = StytchDemoServer;
			productReference = 22BE99FD2847FFA300E29245 /* StytchDemo (Server) */;
			productType = "com.apple.product-type.tool";
		};
/* End PBXNativeTarget section */

/* Begin PBXProject section */
		229B820C2809EA3E007BC3F1 /* Project object */ = {
			isa = PBXProject;
			attributes = {
				BuildIndependentTargetsInParallel = 1;
				LastSwiftUpdateCheck = 1420;
				LastUpgradeCheck = 1400;
				TargetAttributes = {
					22315317299EE16D00BA9126 = {
						CreatedOnToolsVersion = 14.2;
					};
					229B82172809EA3F007BC3F1 = {
						CreatedOnToolsVersion = 13.3;
					};
					229B821D2809EA3F007BC3F1 = {
						CreatedOnToolsVersion = 13.3;
					};
					22BE99FC2847FFA300E29245 = {
						CreatedOnToolsVersion = 13.3;
					};
				};
			};
			buildConfigurationList = 229B820F2809EA3E007BC3F1 /* Build configuration list for PBXProject "StytchDemo" */;
			compatibilityVersion = "Xcode 13.0";
			developmentRegion = en;
			hasScannedForEncodings = 0;
			knownRegions = (
				en,
				Base,
			);
			mainGroup = 229B820B2809EA3E007BC3F1;
			packageReferences = (
				224FC03428486013009C9740 /* XCRemoteSwiftPackageReference "swifter" */,
				22909075284BE79400ADD3C4 /* XCRemoteSwiftPackageReference "jwt-kit" */,
			);
			productRefGroup = 229B82192809EA3F007BC3F1 /* Products */;
			projectDirPath = "";
			projectRoot = "";
			targets = (
				229B82172809EA3F007BC3F1 /* StytchDemo (iOS) */,
				229B821D2809EA3F007BC3F1 /* StytchDemo (macOS) */,
				22BE99FC2847FFA300E29245 /* StytchDemo (Server) */,
				22315317299EE16D00BA9126 /* B2BWorkbench */,
			);
		};
/* End PBXProject section */

/* Begin PBXResourcesBuildPhase section */
		22315316299EE16D00BA9126 /* Resources */ = {
			isa = PBXResourcesBuildPhase;
			buildActionMask = 2147483647;
			files = (
				22315327299EE16E00BA9126 /* LaunchScreen.storyboard in Resources */,
				22315324299EE16E00BA9126 /* Assets.xcassets in Resources */,
				22315322299EE16D00BA9126 /* Main.storyboard in Resources */,
			);
			runOnlyForDeploymentPostprocessing = 0;
		};
		229B82162809EA3F007BC3F1 /* Resources */ = {
			isa = PBXResourcesBuildPhase;
			buildActionMask = 2147483647;
			files = (
				2222D1452835CBAA008CEBD7 /* StytchConfiguration.plist in Resources */,
				224F7D3D280CC5DE000230FA /* Assets.xcassets in Resources */,
			);
			runOnlyForDeploymentPostprocessing = 0;
		};
		229B821C2809EA3F007BC3F1 /* Resources */ = {
			isa = PBXResourcesBuildPhase;
			buildActionMask = 2147483647;
			files = (
				2222D1442835C341008CEBD7 /* StytchConfiguration.plist in Resources */,
				224F7D3E280CC5DE000230FA /* Assets.xcassets in Resources */,
			);
			runOnlyForDeploymentPostprocessing = 0;
		};
/* End PBXResourcesBuildPhase section */

/* Begin PBXSourcesBuildPhase section */
		22315314299EE16D00BA9126 /* Sources */ = {
			isa = PBXSourcesBuildPhase;
			buildActionMask = 2147483647;
			files = (
				2231531F299EE16D00BA9126 /* RootViewController.swift in Sources */,
				2254779429A05C6A003DF229 /* MagicLinksViewController.swift in Sources */,
				2254779229A05C3E003DF229 /* AuthHomeViewController.swift in Sources */,
				2231531B299EE16D00BA9126 /* AppDelegate.swift in Sources */,
				2254779A29A05D37003DF229 /* OrganizationViewController.swift in Sources */,
				2254779C29A05D4E003DF229 /* SessionsViewController.swift in Sources */,
				2254779829A05D08003DF229 /* MemberViewController.swift in Sources */,
				2254779629A05C93003DF229 /* Constants.swift in Sources */,
				2254779029A05C0C003DF229 /* AppViewController.swift in Sources */,
				2231531D299EE16D00BA9126 /* SceneDelegate.swift in Sources */,
			);
			runOnlyForDeploymentPostprocessing = 0;
		};
		229B82142809EA3F007BC3F1 /* Sources */ = {
			isa = PBXSourcesBuildPhase;
			buildActionMask = 2147483647;
			files = (
				2222D14128306426008CEBD7 /* OTPAuthenticationView.swift in Sources */,
				223F88BD2894D09400CE2B0C /* PasswordFeedbackView.swift in Sources */,
				223F88C32894D0F500CE2B0C /* PasswordModel.swift in Sources */,
				22909079284D9F4600ADD3C4 /* Extensions.swift in Sources */,
				224F7D3F280CC5DE000230FA /* ContentView.swift in Sources */,
				2266CF2728FA0B32005EFFC6 /* PasskeysAuthenticationView.swift in Sources */,
				22909095284DD5EE00ADD3C4 /* HobbiesView.swift in Sources */,
				223F88B6289249C700CE2B0C /* PasswordAuthenticationView.swift in Sources */,
				224F7D4A280CEDD0000230FA /* EmailAuthenticationView.swift in Sources */,
				22B523B4296CDF09009FFC18 /* TOTPAuthenticationView.swift in Sources */,
				22E2E06128ECF6AD00327719 /* OAuthAuthenticationView.swift in Sources */,
				223F88C02894D0D500CE2B0C /* PasswordView.swift in Sources */,
				224F7D41280CC5F6000230FA /* StytchDemoApp.swift in Sources */,
				223F88B92894D05000CE2B0C /* ResetPasswordView.swift in Sources */,
				2290907C284D9F7000ADD3C4 /* AuthenticationOptionsView.swift in Sources */,
				224F7D4D280CEDF5000230FA /* SessionView.swift in Sources */,
			);
			runOnlyForDeploymentPostprocessing = 0;
		};
		229B821A2809EA3F007BC3F1 /* Sources */ = {
			isa = PBXSourcesBuildPhase;
			buildActionMask = 2147483647;
			files = (
				2222D14228306426008CEBD7 /* OTPAuthenticationView.swift in Sources */,
				223F88BE2894D09400CE2B0C /* PasswordFeedbackView.swift in Sources */,
				223F88C42894D0F500CE2B0C /* PasswordModel.swift in Sources */,
				2290907A284D9F4600ADD3C4 /* Extensions.swift in Sources */,
				224F7D46280CEC46000230FA /* StytchDemoApp.swift in Sources */,
				2266CF2828FA0B32005EFFC6 /* PasskeysAuthenticationView.swift in Sources */,
				22909096284DD64000ADD3C4 /* HobbiesView.swift in Sources */,
				223F88B7289249C700CE2B0C /* PasswordAuthenticationView.swift in Sources */,
				224F7D4B280CEDD0000230FA /* EmailAuthenticationView.swift in Sources */,
				22B523B5296CDF09009FFC18 /* TOTPAuthenticationView.swift in Sources */,
				22E2E06228ECF6AD00327719 /* OAuthAuthenticationView.swift in Sources */,
				223F88C12894D0D500CE2B0C /* PasswordView.swift in Sources */,
				224F7D40280CC5DE000230FA /* ContentView.swift in Sources */,
				223F88BA2894D05000CE2B0C /* ResetPasswordView.swift in Sources */,
				2290907D284D9F7000ADD3C4 /* AuthenticationOptionsView.swift in Sources */,
				224F7D4E280CEDF5000230FA /* SessionView.swift in Sources */,
			);
			runOnlyForDeploymentPostprocessing = 0;
		};
		22BE99F92847FFA300E29245 /* Sources */ = {
			isa = PBXSourcesBuildPhase;
			buildActionMask = 2147483647;
			files = (
				2290908D284DC30D00ADD3C4 /* AuthController.swift in Sources */,
				2290908F284DC35900ADD3C4 /* HobbiesController.swift in Sources */,
				22909089284DBC1A00ADD3C4 /* JWT.swift in Sources */,
				22909085284DB77B00ADD3C4 /* FileBackedStorage.swift in Sources */,
				22909091284DC5DE00ADD3C4 /* HttpRequest+Stytch.swift in Sources */,
				22909093284DCC8E00ADD3C4 /* Controller.swift in Sources */,
				22BE9A1228481EFE00E29245 /* ServerRunner.swift in Sources */,
				22909087284DBBB800ADD3C4 /* InMemoryStorage.swift in Sources */,
				224FC03A28488591009C9740 /* Configuration.swift in Sources */,
				22BE9A082848071B00E29245 /* Routes.swift in Sources */,
			);
			runOnlyForDeploymentPostprocessing = 0;
		};
/* End PBXSourcesBuildPhase section */

/* Begin PBXTargetDependency section */
		22E434622809EF2F00FB45F0 /* PBXTargetDependency */ = {
			isa = PBXTargetDependency;
			productRef = 22E434612809EF2F00FB45F0 /* StytchCore */;
		};
/* End PBXTargetDependency section */

/* Begin PBXVariantGroup section */
		22315320299EE16D00BA9126 /* Main.storyboard */ = {
			isa = PBXVariantGroup;
			children = (
				22315321299EE16D00BA9126 /* Base */,
			);
			name = Main.storyboard;
			sourceTree = "<group>";
		};
		22315325299EE16E00BA9126 /* LaunchScreen.storyboard */ = {
			isa = PBXVariantGroup;
			children = (
				22315326299EE16E00BA9126 /* Base */,
			);
			name = LaunchScreen.storyboard;
			sourceTree = "<group>";
		};
/* End PBXVariantGroup section */

/* Begin XCBuildConfiguration section */
		2231532A299EE16E00BA9126 /* Debug */ = {
			isa = XCBuildConfiguration;
			buildSettings = {
				ASSETCATALOG_COMPILER_APPICON_NAME = AppIcon;
				ASSETCATALOG_COMPILER_GLOBAL_ACCENT_COLOR_NAME = AccentColor;
				CLANG_CXX_LANGUAGE_STANDARD = "gnu++20";
				CODE_SIGN_STYLE = Automatic;
				CURRENT_PROJECT_VERSION = 1;
				DEVELOPMENT_TEAM = 22B584A5Q6;
				GENERATE_INFOPLIST_FILE = YES;
				INFOPLIST_FILE = B2BWorkbench/Info.plist;
				INFOPLIST_KEY_UIApplicationSupportsIndirectInputEvents = YES;
				INFOPLIST_KEY_UILaunchStoryboardName = LaunchScreen;
				INFOPLIST_KEY_UIMainStoryboardFile = Main;
				INFOPLIST_KEY_UISupportedInterfaceOrientations_iPad = "UIInterfaceOrientationPortrait UIInterfaceOrientationPortraitUpsideDown UIInterfaceOrientationLandscapeLeft UIInterfaceOrientationLandscapeRight";
				INFOPLIST_KEY_UISupportedInterfaceOrientations_iPhone = "UIInterfaceOrientationPortrait UIInterfaceOrientationLandscapeLeft UIInterfaceOrientationLandscapeRight";
				IPHONEOS_DEPLOYMENT_TARGET = 16.2;
				LD_RUNPATH_SEARCH_PATHS = (
					"$(inherited)",
					"@executable_path/Frameworks",
				);
				MARKETING_VERSION = 1.0;
				PRODUCT_BUNDLE_IDENTIFIER = com.stytch.B2BWorkbench;
				PRODUCT_NAME = "$(TARGET_NAME)";
				SDKROOT = iphoneos;
				SWIFT_EMIT_LOC_STRINGS = YES;
				SWIFT_VERSION = 5.0;
				TARGETED_DEVICE_FAMILY = "1,2";
			};
			name = Debug;
		};
		2231532B299EE16E00BA9126 /* Release */ = {
			isa = XCBuildConfiguration;
			buildSettings = {
				ASSETCATALOG_COMPILER_APPICON_NAME = AppIcon;
				ASSETCATALOG_COMPILER_GLOBAL_ACCENT_COLOR_NAME = AccentColor;
				CLANG_CXX_LANGUAGE_STANDARD = "gnu++20";
				CODE_SIGN_STYLE = Automatic;
				CURRENT_PROJECT_VERSION = 1;
				DEVELOPMENT_TEAM = 22B584A5Q6;
				GENERATE_INFOPLIST_FILE = YES;
				INFOPLIST_FILE = B2BWorkbench/Info.plist;
				INFOPLIST_KEY_UIApplicationSupportsIndirectInputEvents = YES;
				INFOPLIST_KEY_UILaunchStoryboardName = LaunchScreen;
				INFOPLIST_KEY_UIMainStoryboardFile = Main;
				INFOPLIST_KEY_UISupportedInterfaceOrientations_iPad = "UIInterfaceOrientationPortrait UIInterfaceOrientationPortraitUpsideDown UIInterfaceOrientationLandscapeLeft UIInterfaceOrientationLandscapeRight";
				INFOPLIST_KEY_UISupportedInterfaceOrientations_iPhone = "UIInterfaceOrientationPortrait UIInterfaceOrientationLandscapeLeft UIInterfaceOrientationLandscapeRight";
				IPHONEOS_DEPLOYMENT_TARGET = 16.2;
				LD_RUNPATH_SEARCH_PATHS = (
					"$(inherited)",
					"@executable_path/Frameworks",
				);
				MARKETING_VERSION = 1.0;
				PRODUCT_BUNDLE_IDENTIFIER = com.stytch.B2BWorkbench;
				PRODUCT_NAME = "$(TARGET_NAME)";
				SDKROOT = iphoneos;
				SWIFT_EMIT_LOC_STRINGS = YES;
				SWIFT_VERSION = 5.0;
				TARGETED_DEVICE_FAMILY = "1,2";
				VALIDATE_PRODUCT = YES;
			};
			name = Release;
		};
		229B82272809EA3F007BC3F1 /* Debug */ = {
			isa = XCBuildConfiguration;
			buildSettings = {
				ALWAYS_SEARCH_USER_PATHS = NO;
				CLANG_ANALYZER_NONNULL = YES;
				CLANG_ANALYZER_NUMBER_OBJECT_CONVERSION = YES_AGGRESSIVE;
				CLANG_CXX_LANGUAGE_STANDARD = "gnu++17";
				CLANG_ENABLE_MODULES = YES;
				CLANG_ENABLE_OBJC_ARC = YES;
				CLANG_ENABLE_OBJC_WEAK = YES;
				CLANG_WARN_BLOCK_CAPTURE_AUTORELEASING = YES;
				CLANG_WARN_BOOL_CONVERSION = YES;
				CLANG_WARN_COMMA = YES;
				CLANG_WARN_CONSTANT_CONVERSION = YES;
				CLANG_WARN_DEPRECATED_OBJC_IMPLEMENTATIONS = YES;
				CLANG_WARN_DIRECT_OBJC_ISA_USAGE = YES_ERROR;
				CLANG_WARN_DOCUMENTATION_COMMENTS = YES;
				CLANG_WARN_EMPTY_BODY = YES;
				CLANG_WARN_ENUM_CONVERSION = YES;
				CLANG_WARN_INFINITE_RECURSION = YES;
				CLANG_WARN_INT_CONVERSION = YES;
				CLANG_WARN_NON_LITERAL_NULL_CONVERSION = YES;
				CLANG_WARN_OBJC_IMPLICIT_RETAIN_SELF = YES;
				CLANG_WARN_OBJC_LITERAL_CONVERSION = YES;
				CLANG_WARN_OBJC_ROOT_CLASS = YES_ERROR;
				CLANG_WARN_QUOTED_INCLUDE_IN_FRAMEWORK_HEADER = YES;
				CLANG_WARN_RANGE_LOOP_ANALYSIS = YES;
				CLANG_WARN_STRICT_PROTOTYPES = YES;
				CLANG_WARN_SUSPICIOUS_MOVE = YES;
				CLANG_WARN_UNGUARDED_AVAILABILITY = YES_AGGRESSIVE;
				CLANG_WARN_UNREACHABLE_CODE = YES;
				CLANG_WARN__DUPLICATE_METHOD_MATCH = YES;
				COPY_PHASE_STRIP = NO;
				DEAD_CODE_STRIPPING = YES;
				DEBUG_INFORMATION_FORMAT = dwarf;
				ENABLE_STRICT_OBJC_MSGSEND = YES;
				ENABLE_TESTABILITY = YES;
				GCC_C_LANGUAGE_STANDARD = gnu11;
				GCC_DYNAMIC_NO_PIC = NO;
				GCC_NO_COMMON_BLOCKS = YES;
				GCC_OPTIMIZATION_LEVEL = 0;
				GCC_PREPROCESSOR_DEFINITIONS = (
					"DEBUG=1",
					"$(inherited)",
				);
				GCC_WARN_64_TO_32_BIT_CONVERSION = YES;
				GCC_WARN_ABOUT_RETURN_TYPE = YES_ERROR;
				GCC_WARN_UNDECLARED_SELECTOR = YES;
				GCC_WARN_UNINITIALIZED_AUTOS = YES_AGGRESSIVE;
				GCC_WARN_UNUSED_FUNCTION = YES;
				GCC_WARN_UNUSED_VARIABLE = YES;
				MTL_ENABLE_DEBUG_INFO = INCLUDE_SOURCE;
				MTL_FAST_MATH = YES;
				ONLY_ACTIVE_ARCH = YES;
				SWIFT_ACTIVE_COMPILATION_CONDITIONS = DEBUG;
				SWIFT_OPTIMIZATION_LEVEL = "-Onone";
				SWIFT_STRICT_CONCURRENCY = complete;
			};
			name = Debug;
		};
		229B82282809EA3F007BC3F1 /* Release */ = {
			isa = XCBuildConfiguration;
			buildSettings = {
				ALWAYS_SEARCH_USER_PATHS = NO;
				CLANG_ANALYZER_NONNULL = YES;
				CLANG_ANALYZER_NUMBER_OBJECT_CONVERSION = YES_AGGRESSIVE;
				CLANG_CXX_LANGUAGE_STANDARD = "gnu++17";
				CLANG_ENABLE_MODULES = YES;
				CLANG_ENABLE_OBJC_ARC = YES;
				CLANG_ENABLE_OBJC_WEAK = YES;
				CLANG_WARN_BLOCK_CAPTURE_AUTORELEASING = YES;
				CLANG_WARN_BOOL_CONVERSION = YES;
				CLANG_WARN_COMMA = YES;
				CLANG_WARN_CONSTANT_CONVERSION = YES;
				CLANG_WARN_DEPRECATED_OBJC_IMPLEMENTATIONS = YES;
				CLANG_WARN_DIRECT_OBJC_ISA_USAGE = YES_ERROR;
				CLANG_WARN_DOCUMENTATION_COMMENTS = YES;
				CLANG_WARN_EMPTY_BODY = YES;
				CLANG_WARN_ENUM_CONVERSION = YES;
				CLANG_WARN_INFINITE_RECURSION = YES;
				CLANG_WARN_INT_CONVERSION = YES;
				CLANG_WARN_NON_LITERAL_NULL_CONVERSION = YES;
				CLANG_WARN_OBJC_IMPLICIT_RETAIN_SELF = YES;
				CLANG_WARN_OBJC_LITERAL_CONVERSION = YES;
				CLANG_WARN_OBJC_ROOT_CLASS = YES_ERROR;
				CLANG_WARN_QUOTED_INCLUDE_IN_FRAMEWORK_HEADER = YES;
				CLANG_WARN_RANGE_LOOP_ANALYSIS = YES;
				CLANG_WARN_STRICT_PROTOTYPES = YES;
				CLANG_WARN_SUSPICIOUS_MOVE = YES;
				CLANG_WARN_UNGUARDED_AVAILABILITY = YES_AGGRESSIVE;
				CLANG_WARN_UNREACHABLE_CODE = YES;
				CLANG_WARN__DUPLICATE_METHOD_MATCH = YES;
				COPY_PHASE_STRIP = NO;
				DEAD_CODE_STRIPPING = YES;
				DEBUG_INFORMATION_FORMAT = "dwarf-with-dsym";
				ENABLE_NS_ASSERTIONS = NO;
				ENABLE_STRICT_OBJC_MSGSEND = YES;
				GCC_C_LANGUAGE_STANDARD = gnu11;
				GCC_NO_COMMON_BLOCKS = YES;
				GCC_WARN_64_TO_32_BIT_CONVERSION = YES;
				GCC_WARN_ABOUT_RETURN_TYPE = YES_ERROR;
				GCC_WARN_UNDECLARED_SELECTOR = YES;
				GCC_WARN_UNINITIALIZED_AUTOS = YES_AGGRESSIVE;
				GCC_WARN_UNUSED_FUNCTION = YES;
				GCC_WARN_UNUSED_VARIABLE = YES;
				MTL_ENABLE_DEBUG_INFO = NO;
				MTL_FAST_MATH = YES;
				SWIFT_COMPILATION_MODE = wholemodule;
				SWIFT_OPTIMIZATION_LEVEL = "-O";
				SWIFT_STRICT_CONCURRENCY = complete;
			};
			name = Release;
		};
		229B822A2809EA3F007BC3F1 /* Debug */ = {
			isa = XCBuildConfiguration;
			buildSettings = {
				ASSETCATALOG_COMPILER_APPICON_NAME = AppIcon;
				ASSETCATALOG_COMPILER_GLOBAL_ACCENT_COLOR_NAME = AccentColor;
				CODE_SIGN_ENTITLEMENTS = Client/iOS/iOS.entitlements;
				CODE_SIGN_STYLE = Automatic;
				CURRENT_PROJECT_VERSION = 1;
				DEVELOPMENT_TEAM = 22B584A5Q6;
				ENABLE_PREVIEWS = YES;
				GENERATE_INFOPLIST_FILE = YES;
				INFOPLIST_FILE = Client/Shared/Info.plist;
				INFOPLIST_KEY_UIApplicationSceneManifest_Generation = YES;
				INFOPLIST_KEY_UIApplicationSupportsIndirectInputEvents = YES;
				INFOPLIST_KEY_UILaunchScreen_Generation = YES;
				INFOPLIST_KEY_UISupportedInterfaceOrientations_iPad = "UIInterfaceOrientationPortrait UIInterfaceOrientationPortraitUpsideDown UIInterfaceOrientationLandscapeLeft UIInterfaceOrientationLandscapeRight";
				INFOPLIST_KEY_UISupportedInterfaceOrientations_iPhone = "UIInterfaceOrientationPortrait UIInterfaceOrientationLandscapeLeft UIInterfaceOrientationLandscapeRight";
				IPHONEOS_DEPLOYMENT_TARGET = 15.4;
				LD_RUNPATH_SEARCH_PATHS = (
					"$(inherited)",
					"@executable_path/Frameworks",
				);
				MARKETING_VERSION = 1.0;
				PRODUCT_BUNDLE_IDENTIFIER = com.stytch.StytchDemo;
				PRODUCT_NAME = StytchDemo;
				SDKROOT = iphoneos;
				SWIFT_EMIT_LOC_STRINGS = YES;
				SWIFT_VERSION = 5.0;
				TARGETED_DEVICE_FAMILY = "1,2";
			};
			name = Debug;
		};
		229B822B2809EA3F007BC3F1 /* Release */ = {
			isa = XCBuildConfiguration;
			buildSettings = {
				ASSETCATALOG_COMPILER_APPICON_NAME = AppIcon;
				ASSETCATALOG_COMPILER_GLOBAL_ACCENT_COLOR_NAME = AccentColor;
				CODE_SIGN_ENTITLEMENTS = Client/iOS/iOS.entitlements;
				CODE_SIGN_STYLE = Automatic;
				CURRENT_PROJECT_VERSION = 1;
				DEVELOPMENT_TEAM = 22B584A5Q6;
				ENABLE_PREVIEWS = YES;
				GENERATE_INFOPLIST_FILE = YES;
				INFOPLIST_FILE = Client/Shared/Info.plist;
				INFOPLIST_KEY_UIApplicationSceneManifest_Generation = YES;
				INFOPLIST_KEY_UIApplicationSupportsIndirectInputEvents = YES;
				INFOPLIST_KEY_UILaunchScreen_Generation = YES;
				INFOPLIST_KEY_UISupportedInterfaceOrientations_iPad = "UIInterfaceOrientationPortrait UIInterfaceOrientationPortraitUpsideDown UIInterfaceOrientationLandscapeLeft UIInterfaceOrientationLandscapeRight";
				INFOPLIST_KEY_UISupportedInterfaceOrientations_iPhone = "UIInterfaceOrientationPortrait UIInterfaceOrientationLandscapeLeft UIInterfaceOrientationLandscapeRight";
				IPHONEOS_DEPLOYMENT_TARGET = 15.4;
				LD_RUNPATH_SEARCH_PATHS = (
					"$(inherited)",
					"@executable_path/Frameworks",
				);
				MARKETING_VERSION = 1.0;
				PRODUCT_BUNDLE_IDENTIFIER = com.stytch.StytchDemo;
				PRODUCT_NAME = StytchDemo;
				SDKROOT = iphoneos;
				SWIFT_EMIT_LOC_STRINGS = YES;
				SWIFT_VERSION = 5.0;
				TARGETED_DEVICE_FAMILY = "1,2";
				VALIDATE_PRODUCT = YES;
			};
			name = Release;
		};
		229B822D2809EA3F007BC3F1 /* Debug */ = {
			isa = XCBuildConfiguration;
			buildSettings = {
				ASSETCATALOG_COMPILER_APPICON_NAME = AppIcon;
				ASSETCATALOG_COMPILER_GLOBAL_ACCENT_COLOR_NAME = AccentColor;
				CODE_SIGN_ENTITLEMENTS = Client/macOS/macOS.entitlements;
				CODE_SIGN_IDENTITY = "-";
				"CODE_SIGN_IDENTITY[sdk=macosx*]" = "Apple Development";
				CODE_SIGN_STYLE = Automatic;
				COMBINE_HIDPI_IMAGES = YES;
				CURRENT_PROJECT_VERSION = 1;
				DEAD_CODE_STRIPPING = YES;
				DEVELOPMENT_TEAM = 22B584A5Q6;
				ENABLE_HARDENED_RUNTIME = YES;
				ENABLE_PREVIEWS = YES;
				GENERATE_INFOPLIST_FILE = YES;
				INFOPLIST_FILE = Client/Shared/Info.plist;
				INFOPLIST_KEY_NSHumanReadableCopyright = "";
				LD_RUNPATH_SEARCH_PATHS = (
					"$(inherited)",
					"@executable_path/../Frameworks",
				);
				MACOSX_DEPLOYMENT_TARGET = 12.2;
				MARKETING_VERSION = 1.0;
				PRODUCT_BUNDLE_IDENTIFIER = com.stytch.StytchDemo;
				PRODUCT_NAME = StytchDemo;
				SDKROOT = macosx;
				SWIFT_EMIT_LOC_STRINGS = YES;
				SWIFT_VERSION = 5.0;
			};
			name = Debug;
		};
		229B822E2809EA3F007BC3F1 /* Release */ = {
			isa = XCBuildConfiguration;
			buildSettings = {
				ASSETCATALOG_COMPILER_APPICON_NAME = AppIcon;
				ASSETCATALOG_COMPILER_GLOBAL_ACCENT_COLOR_NAME = AccentColor;
				CODE_SIGN_ENTITLEMENTS = Client/macOS/macOS.entitlements;
				CODE_SIGN_IDENTITY = "-";
				"CODE_SIGN_IDENTITY[sdk=macosx*]" = "Apple Development";
				CODE_SIGN_STYLE = Automatic;
				COMBINE_HIDPI_IMAGES = YES;
				CURRENT_PROJECT_VERSION = 1;
				DEAD_CODE_STRIPPING = YES;
				DEVELOPMENT_TEAM = 22B584A5Q6;
				ENABLE_HARDENED_RUNTIME = YES;
				ENABLE_PREVIEWS = YES;
				GENERATE_INFOPLIST_FILE = YES;
				INFOPLIST_FILE = Client/Shared/Info.plist;
				INFOPLIST_KEY_NSHumanReadableCopyright = "";
				LD_RUNPATH_SEARCH_PATHS = (
					"$(inherited)",
					"@executable_path/../Frameworks",
				);
				MACOSX_DEPLOYMENT_TARGET = 12.2;
				MARKETING_VERSION = 1.0;
				PRODUCT_BUNDLE_IDENTIFIER = com.stytch.StytchDemo;
				PRODUCT_NAME = StytchDemo;
				SDKROOT = macosx;
				SWIFT_EMIT_LOC_STRINGS = YES;
				SWIFT_VERSION = 5.0;
			};
			name = Release;
		};
		22BE9A022847FFA300E29245 /* Debug */ = {
			isa = XCBuildConfiguration;
			buildSettings = {
				CODE_SIGN_IDENTITY = "-";
				CODE_SIGN_STYLE = Automatic;
				DEAD_CODE_STRIPPING = YES;
				DEVELOPMENT_TEAM = 22B584A5Q6;
				ENABLE_HARDENED_RUNTIME = YES;
				MACOSX_DEPLOYMENT_TARGET = 12.2;
				PRODUCT_NAME = "$(TARGET_NAME)";
				SDKROOT = macosx;
				SWIFT_VERSION = 5.0;
			};
			name = Debug;
		};
		22BE9A032847FFA300E29245 /* Release */ = {
			isa = XCBuildConfiguration;
			buildSettings = {
				CODE_SIGN_IDENTITY = "-";
				CODE_SIGN_STYLE = Automatic;
				DEAD_CODE_STRIPPING = YES;
				DEVELOPMENT_TEAM = 22B584A5Q6;
				ENABLE_HARDENED_RUNTIME = YES;
				MACOSX_DEPLOYMENT_TARGET = 12.2;
				PRODUCT_NAME = "$(TARGET_NAME)";
				SDKROOT = macosx;
				SWIFT_VERSION = 5.0;
			};
			name = Release;
		};
/* End XCBuildConfiguration section */

/* Begin XCConfigurationList section */
		22315329299EE16E00BA9126 /* Build configuration list for PBXNativeTarget "B2BWorkbench" */ = {
			isa = XCConfigurationList;
			buildConfigurations = (
				2231532A299EE16E00BA9126 /* Debug */,
				2231532B299EE16E00BA9126 /* Release */,
			);
			defaultConfigurationIsVisible = 0;
			defaultConfigurationName = Release;
		};
		229B820F2809EA3E007BC3F1 /* Build configuration list for PBXProject "StytchDemo" */ = {
			isa = XCConfigurationList;
			buildConfigurations = (
				229B82272809EA3F007BC3F1 /* Debug */,
				229B82282809EA3F007BC3F1 /* Release */,
			);
			defaultConfigurationIsVisible = 0;
			defaultConfigurationName = Release;
		};
		229B82292809EA3F007BC3F1 /* Build configuration list for PBXNativeTarget "StytchDemo (iOS)" */ = {
			isa = XCConfigurationList;
			buildConfigurations = (
				229B822A2809EA3F007BC3F1 /* Debug */,
				229B822B2809EA3F007BC3F1 /* Release */,
			);
			defaultConfigurationIsVisible = 0;
			defaultConfigurationName = Release;
		};
		229B822C2809EA3F007BC3F1 /* Build configuration list for PBXNativeTarget "StytchDemo (macOS)" */ = {
			isa = XCConfigurationList;
			buildConfigurations = (
				229B822D2809EA3F007BC3F1 /* Debug */,
				229B822E2809EA3F007BC3F1 /* Release */,
			);
			defaultConfigurationIsVisible = 0;
			defaultConfigurationName = Release;
		};
		22BE9A012847FFA300E29245 /* Build configuration list for PBXNativeTarget "StytchDemo (Server)" */ = {
			isa = XCConfigurationList;
			buildConfigurations = (
				22BE9A022847FFA300E29245 /* Debug */,
				22BE9A032847FFA300E29245 /* Release */,
			);
			defaultConfigurationIsVisible = 0;
			defaultConfigurationName = Release;
		};
/* End XCConfigurationList section */

/* Begin XCRemoteSwiftPackageReference section */
		224FC03428486013009C9740 /* XCRemoteSwiftPackageReference "swifter" */ = {
			isa = XCRemoteSwiftPackageReference;
			repositoryURL = "https://github.com/namolnad/swifter.git";
			requirement = {
				branch = "update-to-async";
				kind = branch;
			};
		};
		22909075284BE79400ADD3C4 /* XCRemoteSwiftPackageReference "jwt-kit" */ = {
			isa = XCRemoteSwiftPackageReference;
			repositoryURL = "https://github.com/vapor/jwt-kit.git";
			requirement = {
				kind = upToNextMajorVersion;
				minimumVersion = 4.0.0;
			};
		};
/* End XCRemoteSwiftPackageReference section */

/* Begin XCSwiftPackageProductDependency section */
		2231532C299EE5E700BA9126 /* StytchCore */ = {
			isa = XCSwiftPackageProductDependency;
			productName = StytchCore;
		};
		224F7D47280CEC58000230FA /* StytchCore */ = {
			isa = XCSwiftPackageProductDependency;
			productName = StytchCore;
		};
		224FC03528486013009C9740 /* Swifter */ = {
			isa = XCSwiftPackageProductDependency;
			package = 224FC03428486013009C9740 /* XCRemoteSwiftPackageReference "swifter" */;
			productName = Swifter;
		};
		226375C5280CBAE0000CDD49 /* StytchCore */ = {
			isa = XCSwiftPackageProductDependency;
			productName = StytchCore;
		};
		22909076284BE7FC00ADD3C4 /* JWTKit */ = {
			isa = XCSwiftPackageProductDependency;
			package = 22909075284BE79400ADD3C4 /* XCRemoteSwiftPackageReference "jwt-kit" */;
			productName = JWTKit;
		};
		22E434612809EF2F00FB45F0 /* StytchCore */ = {
			isa = XCSwiftPackageProductDependency;
			productName = StytchCore;
		};
/* End XCSwiftPackageProductDependency section */
	};
	rootObject = 229B820C2809EA3E007BC3F1 /* Project object */;
}
